<?xml version="1.0" encoding="utf-8"?>
<Project ToolsVersion="4.0" xmlns="http://schemas.microsoft.com/developer/msbuild/2003">
  <ItemGroup>
    <Filter Include="Common">
      <UniqueIdentifier>953a950d-8f23-49c6-b64f-5e4a032f2f13</UniqueIdentifier>
    </Filter>
    <Filter Include="Assets">
      <UniqueIdentifier>1c4a63d8-8be7-4206-8e9b-c5c8bc272bb0</UniqueIdentifier>
      <Extensions>ico;cur;bmp;dds;dlg;fbx;rct;bin;rgs;gif;jpg;jpeg;jpe;resx;tga;tiff;tif;png;wav;mfcribbon-ms</Extensions>
    </Filter>
    <Filter Include="Game">
      <UniqueIdentifier>{81e0afe9-ad4e-4f63-95a0-f6d4011481d2}</UniqueIdentifier>
    </Filter>
    <Filter Include="Resources">
      <UniqueIdentifier>{e07fced4-d323-4665-a6ef-0da58b0f46f4}</UniqueIdentifier>
    </Filter>
    <Filter Include="Resources\Fonts">
      <UniqueIdentifier>{582b0255-bd7f-4fbc-a35d-f8c13d2fbf14}</UniqueIdentifier>
    </Filter>
    <Filter Include="Resources\Textures">
      <UniqueIdentifier>{3c9cae57-ef8e-4d89-9ce8-daa682d325ba}</UniqueIdentifier>
    </Filter>
    <Filter Include="Resources\Icon">
      <UniqueIdentifier>{53043c45-2397-49b9-97e7-98faee0b0a41}</UniqueIdentifier>
    </Filter>
    <Filter Include="Resources\Models">
      <UniqueIdentifier>{4bb7f6ff-9803-4a2b-a0e8-bacbe656715d}</UniqueIdentifier>
    </Filter>
    <Filter Include="Libraries">
      <UniqueIdentifier>{c309d520-e3d0-40ec-859f-98ab4d9a9fd1}</UniqueIdentifier>
    </Filter>
    <Filter Include="Libraries\MyLib">
      <UniqueIdentifier>{a327e5ae-7623-4c97-9ac8-1d10ca95e8ca}</UniqueIdentifier>
    </Filter>
    <Filter Include="Libraries\Microsoft">
      <UniqueIdentifier>{3ad90921-3d35-490e-837c-bc326a24aeed}</UniqueIdentifier>
    </Filter>
    <Filter Include="Game\Scene">
      <UniqueIdentifier>{644b32a7-7d84-4f61-a3f0-3872a592dcfb}</UniqueIdentifier>
    </Filter>
    <Filter Include="Game\Object">
      <UniqueIdentifier>{839cee05-09d6-4b90-b83a-78234f360ee5}</UniqueIdentifier>
    </Filter>
    <Filter Include="Game\Object\Boomerang">
      <UniqueIdentifier>{a0772f40-98d9-4749-8a05-e2c82e0d065a}</UniqueIdentifier>
    </Filter>
    <Filter Include="Game\Object\Boomerang\State">
      <UniqueIdentifier>{ea25c084-bb7a-4972-95c8-8d1c02ecb1ad}</UniqueIdentifier>
    </Filter>
    <Filter Include="Interface">
      <UniqueIdentifier>{52a8c007-a0c6-48c1-a8b0-8a733951a76d}</UniqueIdentifier>
    </Filter>
    <Filter Include="Resources\Shaders">
      <UniqueIdentifier>{19c380d8-765c-4a92-aa82-1de77b325187}</UniqueIdentifier>
    </Filter>
    <Filter Include="Resources\Shaders\LockOn">
      <UniqueIdentifier>{d2ebf4f7-981b-4af7-909f-032c06df633f}</UniqueIdentifier>
    </Filter>
    <Filter Include="Game\Object\StageObject">
      <UniqueIdentifier>{3a72f566-b6fb-47ff-a192-2276d00be7fc}</UniqueIdentifier>
    </Filter>
    <Filter Include="Game\DetectionCollision">
      <UniqueIdentifier>{87b40e6a-dc7d-4a5f-b775-b559b49e10f0}</UniqueIdentifier>
    </Filter>
    <Filter Include="Game\Object\Enemy">
      <UniqueIdentifier>{53e98583-5d4e-41e2-bcf8-dd25c2138cd6}</UniqueIdentifier>
    </Filter>
    <Filter Include="Libraries\MyLib\Camera">
      <UniqueIdentifier>{b3695848-fbd7-42db-bc09-565f88d0a4c1}</UniqueIdentifier>
    </Filter>
    <Filter Include="Resources\Shaders\UI">
      <UniqueIdentifier>{c8e0cd45-46a4-44a3-b73a-c563d502857d}</UniqueIdentifier>
    </Filter>
    <Filter Include="Game\Object\Enemy\BehaviorTree">
      <UniqueIdentifier>{9af1577b-fac2-4ba1-b6bd-830a9faa8049}</UniqueIdentifier>
    </Filter>
  </ItemGroup>
  <ItemGroup>
    <ClInclude Include="pch.h" />
    <ClInclude Include="Game.h" />
    <ClInclude Include="StepTimer.h">
      <Filter>Common</Filter>
    </ClInclude>
    <ClInclude Include="DeviceResources.h">
      <Filter>Common</Filter>
    </ClInclude>
    <ClInclude Include="Game\CommonResources.h">
      <Filter>Game</Filter>
    </ClInclude>
    <ClInclude Include="Libraries\Microsoft\DebugDraw.h">
      <Filter>Libraries\Microsoft</Filter>
    </ClInclude>
    <ClInclude Include="Game\Screen.h">
      <Filter>Game</Filter>
    </ClInclude>
    <ClInclude Include="Libraries\MyLib\DebugCamera.h">
      <Filter>Libraries\MyLib</Filter>
    </ClInclude>
    <ClInclude Include="Libraries\MyLib\DebugString.h">
      <Filter>Libraries\MyLib</Filter>
    </ClInclude>
    <ClInclude Include="Libraries\MyLib\GridFloor.h">
      <Filter>Libraries\MyLib</Filter>
    </ClInclude>
    <ClInclude Include="Libraries\MyLib\InputManager.h">
      <Filter>Libraries\MyLib</Filter>
    </ClInclude>
    <ClInclude Include="Libraries\MyLib\MemoryLeakDetector.h">
      <Filter>Libraries\MyLib</Filter>
    </ClInclude>
    <ClInclude Include="Game\Scene\IScene.h">
      <Filter>Game\Scene</Filter>
    </ClInclude>
    <ClInclude Include="Game\Scene\TitleScene.h">
      <Filter>Game\Scene</Filter>
    </ClInclude>
    <ClInclude Include="Game\Scene\PlayScene.h">
      <Filter>Game\Scene</Filter>
    </ClInclude>
    <ClInclude Include="Game\Scene\SceneManager.h">
      <Filter>Game\Scene</Filter>
    </ClInclude>
    <ClInclude Include="Game\Object\Player.h">
      <Filter>Game\Object</Filter>
    </ClInclude>
    <ClInclude Include="Game\Object\Boomerang\State\BoomerangIdling.h">
      <Filter>Game\Object\Boomerang\State</Filter>
    </ClInclude>
    <ClInclude Include="Game\Object\Boomerang\Boomerang.h">
      <Filter>Game\Object\Boomerang</Filter>
    </ClInclude>
    <ClInclude Include="Game\Object\Boomerang\State\BoomerangThrow.h">
      <Filter>Game\Object\Boomerang\State</Filter>
    </ClInclude>
    <ClInclude Include="Interface\IBoomerangState.h">
      <Filter>Interface</Filter>
    </ClInclude>
    <ClInclude Include="Libraries\MyLib\CSV.h">
      <Filter>Libraries\MyLib</Filter>
    </ClInclude>
    <ClInclude Include="Libraries\MyLib\Mouse.h">
      <Filter>Libraries\MyLib</Filter>
    </ClInclude>
    <ClInclude Include="Game\Object\Boomerang\State\BoomerangGetReady.h">
      <Filter>Game\Object\Boomerang\State</Filter>
    </ClInclude>
    <ClInclude Include="Game\LockOn.h">
      <Filter>Game</Filter>
    </ClInclude>
    <ClInclude Include="Libraries\MyLib\UserInterface.h">
      <Filter>Libraries\MyLib</Filter>
    </ClInclude>
    <ClInclude Include="Libraries\MyLib\BinaryFile.h">
      <Filter>Libraries\MyLib</Filter>
    </ClInclude>
    <ClInclude Include="Libraries\MyLib\Bounding.h">
      <Filter>Libraries\MyLib</Filter>
    </ClInclude>
    <ClInclude Include="Interface\ICollisionObject.h">
      <Filter>Interface</Filter>
    </ClInclude>
    <ClInclude Include="Game\Object\Floor.h">
      <Filter>Game\Object\StageObject</Filter>
    </ClInclude>
    <ClInclude Include="Interface\IMoveCollisionObject.h">
      <Filter>Interface</Filter>
    </ClInclude>
    <ClInclude Include="Interface\INotMoveCollisionObject.h">
      <Filter>Interface</Filter>
    </ClInclude>
    <ClInclude Include="Game\DetectionCollision\CollisionManager.h">
      <Filter>Game\DetectionCollision</Filter>
    </ClInclude>
    <ClInclude Include="Game\Object\Wall.h">
      <Filter>Game\Object\StageObject</Filter>
    </ClInclude>
    <ClInclude Include="Game\Scene\ResultScene.h">
      <Filter>Game\Scene</Filter>
    </ClInclude>
    <ClInclude Include="Game\Object\Enemy\Enemy.h">
      <Filter>Game\Object\Enemy</Filter>
    </ClInclude>
    <ClInclude Include="Interface\IEnemyState.h">
      <Filter>Interface</Filter>
    </ClInclude>
    <ClInclude Include="Game\Timer.h">
      <Filter>Game</Filter>
    </ClInclude>
    <ClInclude Include="Libraries\MyLib\Camera\GameCameraManager.h">
      <Filter>Libraries\MyLib\Camera</Filter>
    </ClInclude>
    <ClInclude Include="Libraries\MyLib\Camera\GameStartCamera.h">
      <Filter>Libraries\MyLib\Camera</Filter>
    </ClInclude>
    <ClInclude Include="Libraries\MyLib\Camera\TPS_Camera.h">
      <Filter>Libraries\MyLib\Camera</Filter>
    </ClInclude>
    <ClInclude Include="Game\EnemyHP.h">
      <Filter>Game</Filter>
    </ClInclude>
    <ClInclude Include="Game\Object\Boomerang\BoomerangOrbit.h">
      <Filter>Game\Object\Boomerang</Filter>
    </ClInclude>
    <ClInclude Include="Game\BehaviorTree\ActionNode.h">
      <Filter>Game\Object\Enemy\BehaviorTree</Filter>
    </ClInclude>
    <ClInclude Include="Game\BehaviorTree\BehaviorTree.h">
      <Filter>Game\Object\Enemy\BehaviorTree</Filter>
    </ClInclude>
    <ClInclude Include="Game\BehaviorTree\Conditions.h">
      <Filter>Game\Object\Enemy\BehaviorTree</Filter>
    </ClInclude>
    <ClInclude Include="Game\BehaviorTree\DecoratorNode.h">
      <Filter>Game\Object\Enemy\BehaviorTree</Filter>
    </ClInclude>
    <ClInclude Include="Game\BehaviorTree\ExecutionNode.h">
      <Filter>Game\Object\Enemy\BehaviorTree</Filter>
    </ClInclude>
    <ClInclude Include="Game\BehaviorTree\Root.h">
      <Filter>Game\Object\Enemy\BehaviorTree</Filter>
    </ClInclude>
    <ClInclude Include="Game\BehaviorTree\SelectorNode.h">
      <Filter>Game\Object\Enemy\BehaviorTree</Filter>
    </ClInclude>
    <ClInclude Include="Game\BehaviorTree\SequenceNode.h">
      <Filter>Game\Object\Enemy\BehaviorTree</Filter>
    </ClInclude>
    <ClInclude Include="Interface\IBehaviorNode.h">
      <Filter>Interface</Filter>
    </ClInclude>
    <ClInclude Include="Interface\ILeafNode.h">
      <Filter>Interface</Filter>
    </ClInclude>
    <ClInclude Include="Interface\ICompositeNode.h">
      <Filter>Interface</Filter>
    </ClInclude>
  </ItemGroup>
  <ItemGroup>
    <ClCompile Include="pch.cpp" />
    <ClCompile Include="Game.cpp" />
    <ClCompile Include="Main.cpp" />
    <ClCompile Include="DeviceResources.cpp">
      <Filter>Common</Filter>
    </ClCompile>
    <ClCompile Include="Game\CommonResources.cpp">
      <Filter>Game</Filter>
    </ClCompile>
    <ClCompile Include="Libraries\Microsoft\DebugDraw.cpp">
      <Filter>Libraries\Microsoft</Filter>
    </ClCompile>
    <ClCompile Include="Libraries\MyLib\DebugCamera.cpp">
      <Filter>Libraries\MyLib</Filter>
    </ClCompile>
    <ClCompile Include="Libraries\MyLib\DebugString.cpp">
      <Filter>Libraries\MyLib</Filter>
    </ClCompile>
    <ClCompile Include="Libraries\MyLib\GridFloor.cpp">
      <Filter>Libraries\MyLib</Filter>
    </ClCompile>
    <ClCompile Include="Libraries\MyLib\InputManager.cpp">
      <Filter>Libraries\MyLib</Filter>
    </ClCompile>
    <ClCompile Include="Game\Scene\TitleScene.cpp">
      <Filter>Game\Scene</Filter>
    </ClCompile>
    <ClCompile Include="Game\Scene\PlayScene.cpp">
      <Filter>Game\Scene</Filter>
    </ClCompile>
    <ClCompile Include="Game\Scene\SceneManager.cpp">
      <Filter>Game\Scene</Filter>
    </ClCompile>
    <ClCompile Include="Game\Object\Player.cpp">
      <Filter>Game\Object</Filter>
    </ClCompile>
    <ClCompile Include="Game\Object\Boomerang\State\BoomerangIdling.cpp">
      <Filter>Game\Object\Boomerang\State</Filter>
    </ClCompile>
    <ClCompile Include="Game\Object\Boomerang\Boomerang.cpp">
      <Filter>Game\Object\Boomerang</Filter>
    </ClCompile>
    <ClCompile Include="Game\Object\Boomerang\State\BoomerangThrow.cpp">
      <Filter>Game\Object\Boomerang\State</Filter>
    </ClCompile>
    <ClCompile Include="Libraries\MyLib\CSV.cpp">
      <Filter>Libraries\MyLib</Filter>
    </ClCompile>
    <ClCompile Include="Libraries\MyLib\Mouse.cpp">
      <Filter>Libraries\MyLib</Filter>
    </ClCompile>
    <ClCompile Include="Game\Object\Boomerang\State\BoomerangGetReady.cpp">
      <Filter>Game\Object\Boomerang\State</Filter>
    </ClCompile>
    <ClCompile Include="Game\LockOn.cpp">
      <Filter>Game</Filter>
    </ClCompile>
    <ClCompile Include="Libraries\MyLib\UserInterface.cpp">
      <Filter>Libraries\MyLib</Filter>
    </ClCompile>
    <ClCompile Include="Libraries\MyLib\BinaryFile.cpp">
      <Filter>Libraries\MyLib</Filter>
    </ClCompile>
    <ClCompile Include="Libraries\MyLib\Bounding.cpp">
      <Filter>Libraries\MyLib</Filter>
    </ClCompile>
    <ClCompile Include="Game\Object\Floor.cpp">
      <Filter>Game\Object\StageObject</Filter>
    </ClCompile>
    <ClCompile Include="Game\DetectionCollision\CollisionManager.cpp">
      <Filter>Game\DetectionCollision</Filter>
    </ClCompile>
    <ClCompile Include="Game\Object\Wall.cpp">
      <Filter>Game\Object\StageObject</Filter>
    </ClCompile>
    <ClCompile Include="Game\Scene\ResultScene.cpp">
      <Filter>Game\Scene</Filter>
    </ClCompile>
    <ClCompile Include="Game\Object\Enemy\Enemy.cpp">
      <Filter>Game\Object\Enemy</Filter>
    </ClCompile>
    <ClCompile Include="Game\Timer.cpp">
      <Filter>Game</Filter>
    </ClCompile>
    <ClCompile Include="Libraries\MyLib\Camera\GameCameraManager.cpp">
      <Filter>Libraries\MyLib\Camera</Filter>
    </ClCompile>
    <ClCompile Include="Libraries\MyLib\Camera\GameStartCamera.cpp">
      <Filter>Libraries\MyLib\Camera</Filter>
    </ClCompile>
    <ClCompile Include="Libraries\MyLib\Camera\TPS_Camera.cpp">
      <Filter>Libraries\MyLib\Camera</Filter>
    </ClCompile>
    <ClCompile Include="Game\EnemyHP.cpp">
      <Filter>Game</Filter>
    </ClCompile>
    <ClCompile Include="Game\Object\Boomerang\BoomerangOrbit.cpp">
      <Filter>Game\Object\Boomerang</Filter>
    </ClCompile>
    <ClCompile Include="Game\BehaviorTree\ActionNode.cpp">
      <Filter>Game\Object\Enemy\BehaviorTree</Filter>
    </ClCompile>
    <ClCompile Include="Game\BehaviorTree\BehaviorTree.cpp">
      <Filter>Game\Object\Enemy\BehaviorTree</Filter>
    </ClCompile>
    <ClCompile Include="Game\BehaviorTree\Conditions.cpp">
      <Filter>Game\Object\Enemy\BehaviorTree</Filter>
    </ClCompile>
    <ClCompile Include="Game\BehaviorTree\DecoratorNode.cpp">
      <Filter>Game\Object\Enemy\BehaviorTree</Filter>
    </ClCompile>
    <ClCompile Include="Game\BehaviorTree\ExecutionNode.cpp">
      <Filter>Game\Object\Enemy\BehaviorTree</Filter>
    </ClCompile>
    <ClCompile Include="Game\BehaviorTree\Root.cpp">
      <Filter>Game\Object\Enemy\BehaviorTree</Filter>
    </ClCompile>
    <ClCompile Include="Game\BehaviorTree\SelectorNode.cpp">
      <Filter>Game\Object\Enemy\BehaviorTree</Filter>
    </ClCompile>
    <ClCompile Include="Game\BehaviorTree\SequenceNode.cpp">
      <Filter>Game\Object\Enemy\BehaviorTree</Filter>
    </ClCompile>
  </ItemGroup>
  <ItemGroup>
    <ResourceCompile Include="resource.rc" />
  </ItemGroup>
  <ItemGroup>
    <Image Include="directx.ico">
      <Filter>Assets</Filter>
    </Image>
  </ItemGroup>
  <ItemGroup>
    <Manifest Include="settings.manifest">
      <Filter>Assets</Filter>
    </Manifest>
  </ItemGroup>
  <ItemGroup>
    <None Include="packages.config" />
    <None Include="Resources\Shaders\LockOn\LockOnUI.hlsli">
      <Filter>Resources\Shaders\LockOn</Filter>
    </None>
    <None Include="Resources\Shaders\UI\UI.hlsli">
      <Filter>Resources\Shaders\UI</Filter>
    </None>
  </ItemGroup>
  <ItemGroup>
    <FxCompile Include="Resources\Shaders\LockOn\LockOnUIGS.hlsl">
      <Filter>Resources\Shaders\LockOn</Filter>
    </FxCompile>
    <FxCompile Include="Resources\Shaders\LockOn\LockOnUIPS.hlsl">
      <Filter>Resources\Shaders\LockOn</Filter>
    </FxCompile>
    <FxCompile Include="Resources\Shaders\LockOn\LockOnUIVS.hlsl">
      <Filter>Resources\Shaders\LockOn</Filter>
    </FxCompile>
    <FxCompile Include="Resources\Shaders\UI\UIGS.hlsl">
      <Filter>Resources\Shaders\UI</Filter>
    </FxCompile>
    <FxCompile Include="Resources\Shaders\UI\UIPS.hlsl">
      <Filter>Resources\Shaders\UI</Filter>
    </FxCompile>
    <FxCompile Include="Resources\Shaders\UI\UIVS.hlsl">
      <Filter>Resources\Shaders\UI</Filter>
    </FxCompile>
    <FxCompile Include="Resources\Shaders\UI\HPUIPS.hlsl">
      <Filter>Resources\Shaders\UI</Filter>
    </FxCompile>
  </ItemGroup>
</Project>