<?xml version="1.0" encoding="utf-8"?>
<Project ToolsVersion="4.0" xmlns="http://schemas.microsoft.com/developer/msbuild/2003">
  <ItemGroup>
    <Filter Include="Common">
      <UniqueIdentifier>953a950d-8f23-49c6-b64f-5e4a032f2f13</UniqueIdentifier>
    </Filter>
    <Filter Include="Assets">
      <UniqueIdentifier>1c4a63d8-8be7-4206-8e9b-c5c8bc272bb0</UniqueIdentifier>
      <Extensions>ico;cur;bmp;dds;dlg;fbx;rct;bin;rgs;gif;jpg;jpeg;jpe;resx;tga;tiff;tif;png;wav;mfcribbon-ms</Extensions>
    </Filter>
    <Filter Include="Game">
      <UniqueIdentifier>{81e0afe9-ad4e-4f63-95a0-f6d4011481d2}</UniqueIdentifier>
    </Filter>
    <Filter Include="Resources">
      <UniqueIdentifier>{e07fced4-d323-4665-a6ef-0da58b0f46f4}</UniqueIdentifier>
    </Filter>
    <Filter Include="Resources\Fonts">
      <UniqueIdentifier>{582b0255-bd7f-4fbc-a35d-f8c13d2fbf14}</UniqueIdentifier>
    </Filter>
    <Filter Include="Resources\Textures">
      <UniqueIdentifier>{3c9cae57-ef8e-4d89-9ce8-daa682d325ba}</UniqueIdentifier>
    </Filter>
    <Filter Include="Resources\Icon">
      <UniqueIdentifier>{53043c45-2397-49b9-97e7-98faee0b0a41}</UniqueIdentifier>
    </Filter>
    <Filter Include="Resources\Models">
      <UniqueIdentifier>{4bb7f6ff-9803-4a2b-a0e8-bacbe656715d}</UniqueIdentifier>
    </Filter>
    <Filter Include="Libraries">
      <UniqueIdentifier>{c309d520-e3d0-40ec-859f-98ab4d9a9fd1}</UniqueIdentifier>
    </Filter>
    <Filter Include="Libraries\MyLib">
      <UniqueIdentifier>{a327e5ae-7623-4c97-9ac8-1d10ca95e8ca}</UniqueIdentifier>
    </Filter>
    <Filter Include="Libraries\Microsoft">
      <UniqueIdentifier>{3ad90921-3d35-490e-837c-bc326a24aeed}</UniqueIdentifier>
    </Filter>
    <Filter Include="Game\Scene">
      <UniqueIdentifier>{644b32a7-7d84-4f61-a3f0-3872a592dcfb}</UniqueIdentifier>
    </Filter>
    <Filter Include="Game\Interface">
      <UniqueIdentifier>{c60d6806-be2b-4485-978e-06c1b94adb95}</UniqueIdentifier>
    </Filter>
    <Filter Include="Game\Player">
      <UniqueIdentifier>{80312223-ed30-471d-9607-88416c4a3775}</UniqueIdentifier>
    </Filter>
    <Filter Include="Game\Player\PlayerParts">
      <UniqueIdentifier>{c5b8e225-7254-45f4-84fa-99f254de42b0}</UniqueIdentifier>
    </Filter>
    <Filter Include="Game\StageObject">
      <UniqueIdentifier>{04bae400-aba3-4e83-9396-68f3a361c777}</UniqueIdentifier>
    </Filter>
    <Filter Include="Libraries\WataLib">
      <UniqueIdentifier>{fa91948e-83f4-42d6-8e83-318690a76305}</UniqueIdentifier>
    </Filter>
    <Filter Include="Game\Enemys">
      <UniqueIdentifier>{88b78d82-7b1b-4579-8390-e62d668d9eaa}</UniqueIdentifier>
    </Filter>
    <Filter Include="Game\Shaders">
      <UniqueIdentifier>{eace731f-6950-4eaf-b208-f2144eb85dd9}</UniqueIdentifier>
    </Filter>
    <Filter Include="Game\Shaders\Fade">
      <UniqueIdentifier>{8cf56dcb-653e-4ec1-a778-74ec149b46a2}</UniqueIdentifier>
    </Filter>
    <Filter Include="Libraries\WataLib\Camera">
      <UniqueIdentifier>{8438699a-68d2-46e2-a88a-0871a0f44290}</UniqueIdentifier>
    </Filter>
    <Filter Include="Game\Weapon">
      <UniqueIdentifier>{b42fba68-1e51-40d7-b28f-c4c2d5056ce8}</UniqueIdentifier>
    </Filter>
    <Filter Include="Game\Weapon\Boomerang">
      <UniqueIdentifier>{dd1e3c2b-be8c-488c-a36b-cedf11ee182d}</UniqueIdentifier>
    </Filter>
    <Filter Include="Game\Weapon\Boomerang\State">
      <UniqueIdentifier>{7861a57d-6082-4994-8b5b-dbbbeca38f10}</UniqueIdentifier>
    </Filter>
    <Filter Include="Game\Observer">
      <UniqueIdentifier>{fc512ba0-b662-4474-8e12-1206e31a8e8c}</UniqueIdentifier>
    </Filter>
    <Filter Include="Game\UI">
      <UniqueIdentifier>{19d00d96-e931-49d6-8785-17774de4d9db}</UniqueIdentifier>
    </Filter>
    <Filter Include="Game\UI\State">
      <UniqueIdentifier>{0b459963-f890-4646-8ca2-3d4c67ae7f4d}</UniqueIdentifier>
    </Filter>
    <Filter Include="Game\Shaders\UI">
      <UniqueIdentifier>{857c307e-5bed-46ba-bef8-3a5147733614}</UniqueIdentifier>
    </Filter>
    <Filter Include="Game\Enemys\BossEnemy">
      <UniqueIdentifier>{59426754-ee7b-4f05-bd38-312a2be49043}</UniqueIdentifier>
    </Filter>
    <Filter Include="Game\Enemys\BossEnemy\Parts">
      <UniqueIdentifier>{ab48316e-f860-4f48-aa39-0fdc12e7f0fd}</UniqueIdentifier>
    </Filter>
    <Filter Include="Game\Effect">
      <UniqueIdentifier>{8a6d582e-d7af-4c29-a393-dda8d37984e3}</UniqueIdentifier>
    </Filter>
    <Filter Include="Game\Enemys\BossEnemy\BehaviorTree">
      <UniqueIdentifier>{afd790d4-0640-4d96-9046-66776dc1e246}</UniqueIdentifier>
    </Filter>
    <Filter Include="Game\Enemys\BossEnemy\Beam">
      <UniqueIdentifier>{df4a0f57-46f6-4cb1-a94c-7533309b2b91}</UniqueIdentifier>
    </Filter>
    <Filter Include="Game\Enemys\BirdEnemy">
      <UniqueIdentifier>{8008a92d-086b-497d-9e92-8b8f9622482c}</UniqueIdentifier>
    </Filter>
    <Filter Include="Game\Shaders\DamageVignette">
      <UniqueIdentifier>{70f91aae-1b06-415c-9f38-fbad2584b07f}</UniqueIdentifier>
    </Filter>
    <Filter Include="Game\Enemys\BirdEnemy\State">
      <UniqueIdentifier>{e7f2ea49-8424-430a-a402-1ca337fe57f3}</UniqueIdentifier>
    </Filter>
    <Filter Include="Game\Enemys\BirdEnemy\Parts">
      <UniqueIdentifier>{904e7957-5aa8-4b55-8bb5-d8adf3ffa4d7}</UniqueIdentifier>
    </Filter>
    <Filter Include="Game\Enemys\BirdEnemy\Beam">
      <UniqueIdentifier>{0b847209-9874-4786-b285-bd53d7c40f94}</UniqueIdentifier>
    </Filter>
    <Filter Include="Game\Enemys\BirdEnemy\Beam\State">
      <UniqueIdentifier>{b04a1512-aacc-4cc1-87dd-e1ccaa654b02}</UniqueIdentifier>
    </Filter>
    <Filter Include="Game\Shaders\Particle">
      <UniqueIdentifier>{4c86f6fd-0820-468c-964f-4a0d062e4de0}</UniqueIdentifier>
    </Filter>
    <Filter Include="Game\Effect\Particle">
      <UniqueIdentifier>{f654d8f0-e244-4157-ab7a-6f91d6d2bfc5}</UniqueIdentifier>
    </Filter>
    <Filter Include="Game\Shaders\BossBeam">
      <UniqueIdentifier>{47e8e60b-9c7c-4dc2-957a-7195a73e5418}</UniqueIdentifier>
    </Filter>
    <Filter Include="Game\Shaders\BossBeam\Ball">
      <UniqueIdentifier>{bf8cf894-0a2b-4fb5-a419-5d7c2950c4d9}</UniqueIdentifier>
    </Filter>
    <Filter Include="Game\Entities">
      <UniqueIdentifier>{83a2da6f-fb9f-4ff8-8e7b-d870d910819e}</UniqueIdentifier>
    </Filter>
    <Filter Include="Game\Effect\HitEffect">
      <UniqueIdentifier>{9a4e628f-838f-4ee4-8025-0de823e3a5a2}</UniqueIdentifier>
    </Filter>
    <Filter Include="Game\Shaders\HitEffect">
      <UniqueIdentifier>{4da07115-a637-4916-b509-caa8d2b19b07}</UniqueIdentifier>
    </Filter>
    <Filter Include="Game\Enemys\BossEnemy\ActionNode">
      <UniqueIdentifier>{c01fdd34-18a2-491e-8470-dd596d5a7080}</UniqueIdentifier>
    </Filter>
    <Filter Include="Game\Enemys\BossEnemy\ActionNode\BeamAttack">
      <UniqueIdentifier>{35cd7c3f-f298-42fd-96e2-6ad2c667c216}</UniqueIdentifier>
    </Filter>
    <Filter Include="Game\Player\PlayerState">
      <UniqueIdentifier>{5be01b9c-e7f3-411a-8039-5c28aa4cb3ec}</UniqueIdentifier>
    </Filter>
    <Filter Include="Game\Enemys\BossEnemy\ActionNode\BarrierDefense">
      <UniqueIdentifier>{2e2d2085-3207-4612-b954-7a9de76060c0}</UniqueIdentifier>
    </Filter>
    <Filter Include="Game\Enemys\BossEnemy\Barrier">
      <UniqueIdentifier>{af6896c3-5495-4983-992e-1ed297e3e171}</UniqueIdentifier>
    </Filter>
    <Filter Include="Game\Shaders\Barrier">
      <UniqueIdentifier>{4c9d9ce8-fdc5-4b77-922b-49d8f49f3b70}</UniqueIdentifier>
    </Filter>
    <Filter Include="Game\Enemys\BossEnemy\Barrier\State">
      <UniqueIdentifier>{6185aa96-21c2-4f0f-a67a-08afbd6108f4}</UniqueIdentifier>
    </Filter>
    <Filter Include="Game\Enemys\BossEnemy\ActionNode\JumpAttack">
      <UniqueIdentifier>{1c93b868-7722-4f2f-8806-479b7a2b27ae}</UniqueIdentifier>
    </Filter>
    <Filter Include="Game\Shaders\ChargeEffect">
      <UniqueIdentifier>{40fa6420-6d52-4f53-877a-57c11e7258a2}</UniqueIdentifier>
    </Filter>
    <Filter Include="Game\Effect\ChargeEffect">
      <UniqueIdentifier>{2be85931-96bf-421b-88fa-8a414a675f1c}</UniqueIdentifier>
    </Filter>
    <Filter Include="Game\Enemys\BossEnemy\ActionNode\RushAttack">
      <UniqueIdentifier>{764f82f3-457f-4793-8a76-105c75cf32ec}</UniqueIdentifier>
    </Filter>
    <Filter Include="Game\Shaders\Number">
      <UniqueIdentifier>{e7850e9c-6d83-4f26-8030-67b67d458cd1}</UniqueIdentifier>
    </Filter>
    <Filter Include="Game\Sound">
      <UniqueIdentifier>{98aefd83-9cf0-4aa6-8399-09c361b1e799}</UniqueIdentifier>
    </Filter>
    <Filter Include="Game\Enemys\BossEnemy\ActionNode\Orientation">
      <UniqueIdentifier>{0a9163ee-51d3-4523-af0f-f53494652f76}</UniqueIdentifier>
    </Filter>
    <Filter Include="Game\Enemys\BossEnemy\ActionNode\Walking">
      <UniqueIdentifier>{38a6fa73-654c-4cc0-88cd-3ed308baaff3}</UniqueIdentifier>
    </Filter>
    <Filter Include="Game\Enemys\BossEnemy\ActionNode\SwingDownAttack">
      <UniqueIdentifier>{e5ef2522-319a-4e67-b6c9-02021fb92a7b}</UniqueIdentifier>
    </Filter>
    <Filter Include="Game\Enemys\BossEnemy\ActionNode\Idleing">
      <UniqueIdentifier>{a53cb1a5-62d9-448e-b358-4a6f327621a0}</UniqueIdentifier>
    </Filter>
  </ItemGroup>
  <ItemGroup>
    <ClInclude Include="pch.h" />
    <ClInclude Include="Game.h" />
    <ClInclude Include="StepTimer.h">
      <Filter>Common</Filter>
    </ClInclude>
    <ClInclude Include="DeviceResources.h">
      <Filter>Common</Filter>
    </ClInclude>
    <ClInclude Include="Game\CommonResources.h">
      <Filter>Game</Filter>
    </ClInclude>
    <ClInclude Include="Libraries\Microsoft\DebugDraw.h">
      <Filter>Libraries\Microsoft</Filter>
    </ClInclude>
    <ClInclude Include="Game\Screen.h">
      <Filter>Game</Filter>
    </ClInclude>
    <ClInclude Include="Libraries\MyLib\DebugCamera.h">
      <Filter>Libraries\MyLib</Filter>
    </ClInclude>
    <ClInclude Include="Libraries\MyLib\DebugString.h">
      <Filter>Libraries\MyLib</Filter>
    </ClInclude>
    <ClInclude Include="Libraries\MyLib\GridFloor.h">
      <Filter>Libraries\MyLib</Filter>
    </ClInclude>
    <ClInclude Include="Libraries\MyLib\InputManager.h">
      <Filter>Libraries\MyLib</Filter>
    </ClInclude>
    <ClInclude Include="Libraries\MyLib\MemoryLeakDetector.h">
      <Filter>Libraries\MyLib</Filter>
    </ClInclude>
    <ClInclude Include="Game\Scene\IScene.h">
      <Filter>Game\Scene</Filter>
    </ClInclude>
    <ClInclude Include="Game\Scene\TitleScene.h">
      <Filter>Game\Scene</Filter>
    </ClInclude>
    <ClInclude Include="Game\Scene\PlayScene.h">
      <Filter>Game\Scene</Filter>
    </ClInclude>
    <ClInclude Include="Game\Scene\SceneManager.h">
      <Filter>Game\Scene</Filter>
    </ClInclude>
    <ClInclude Include="Base.h">
      <Filter>Game</Filter>
    </ClInclude>
    <ClInclude Include="Game\Player\PlayerParts\PlayerBody.h">
      <Filter>Game\Player\PlayerParts</Filter>
    </ClInclude>
    <ClInclude Include="Game\Player\PlayerParts\PlayerHead.h">
      <Filter>Game\Player\PlayerParts</Filter>
    </ClInclude>
    <ClInclude Include="Game\Player\PlayerParts\PlayerLeftArm.h">
      <Filter>Game\Player\PlayerParts</Filter>
    </ClInclude>
    <ClInclude Include="Game\Player\PlayerParts\PlayerRightArm.h">
      <Filter>Game\Player\PlayerParts</Filter>
    </ClInclude>
    <ClInclude Include="Game\Player\PlayerParts\PlayerLeftFeet.h">
      <Filter>Game\Player\PlayerParts</Filter>
    </ClInclude>
    <ClInclude Include="Game\Player\PlayerParts\PlayerRightFeet.h">
      <Filter>Game\Player\PlayerParts</Filter>
    </ClInclude>
    <ClInclude Include="Game\StageObject\Floor.h">
      <Filter>Game\StageObject</Filter>
    </ClInclude>
    <ClInclude Include="Game\StageObject\StageObjectManager.h">
      <Filter>Game\StageObject</Filter>
    </ClInclude>
    <ClInclude Include="Libraries\WataLib\Json.h">
      <Filter>Libraries\WataLib</Filter>
    </ClInclude>
    <ClInclude Include="Game\StageObject\Wall.h">
      <Filter>Game\StageObject</Filter>
    </ClInclude>
    <ClInclude Include="Game\Enemys\EnemyManager.h">
      <Filter>Game\Enemys</Filter>
    </ClInclude>
    <ClInclude Include="Libraries\WataLib\Fade.h">
      <Filter>Libraries\WataLib</Filter>
    </ClInclude>
    <ClInclude Include="Libraries\WataLib\Animation.h">
      <Filter>Libraries\WataLib</Filter>
    </ClInclude>
    <ClInclude Include="Game\Interface\IState.h">
      <Filter>Game\Interface</Filter>
    </ClInclude>
    <ClInclude Include="Game\Interface\ICamera.h">
      <Filter>Game\Interface</Filter>
    </ClInclude>
    <ClInclude Include="Libraries\WataLib\Mouse.h">
      <Filter>Libraries\WataLib</Filter>
    </ClInclude>
    <ClInclude Include="Libraries\WataLib\Camera\CameraManager.h">
      <Filter>Libraries\WataLib\Camera</Filter>
    </ClInclude>
    <ClInclude Include="Libraries\WataLib\Camera\TPS_Camera.h">
      <Filter>Libraries\WataLib\Camera</Filter>
    </ClInclude>
    <ClInclude Include="Game\Player\Player.h">
      <Filter>Game\Player</Filter>
    </ClInclude>
    <ClInclude Include="Game\Player\PlayerUsually.h">
      <Filter>Game\Player</Filter>
    </ClInclude>
    <ClInclude Include="Libraries\WataLib\Bounding.h">
      <Filter>Libraries\WataLib</Filter>
    </ClInclude>
    <ClInclude Include="Libraries\WataLib\DetectionCollision.h">
      <Filter>Libraries\WataLib</Filter>
    </ClInclude>
    <ClInclude Include="Game\CollisiionManager.h">
      <Filter>Game</Filter>
    </ClInclude>
    <ClInclude Include="Game\Weapon\Boomerang\Boomerang.h">
      <Filter>Game\Weapon\Boomerang</Filter>
    </ClInclude>
    <ClInclude Include="Game\Weapon\Boomerang\State\BoomerangIdle.h">
      <Filter>Game\Weapon\Boomerang\State</Filter>
    </ClInclude>
    <ClInclude Include="Game\Interface\IStateMachine.h">
      <Filter>Game\Interface</Filter>
    </ClInclude>
    <ClInclude Include="Game\Weapon\Boomerang\State\BoomerangStateMachine.h">
      <Filter>Game\Weapon\Boomerang\State</Filter>
    </ClInclude>
    <ClInclude Include="Game\Weapon\Boomerang\State\BoomerangGetReady.h">
      <Filter>Game\Weapon\Boomerang\State</Filter>
    </ClInclude>
    <ClInclude Include="Libraries\WataLib\CSV.h">
      <Filter>Libraries\WataLib</Filter>
    </ClInclude>
    <ClInclude Include="Game\Interface\IObserver.h">
      <Filter>Game\Interface</Filter>
    </ClInclude>
    <ClInclude Include="Game\UI\UIManager.h">
      <Filter>Game\UI</Filter>
    </ClInclude>
    <ClInclude Include="Game\UI\State\GamePlayUI.h">
      <Filter>Game\UI\State</Filter>
    </ClInclude>
    <ClInclude Include="Game\UI\State\UIStateMachine.h">
      <Filter>Game\UI\State</Filter>
    </ClInclude>
    <ClInclude Include="Libraries\WataLib\UserInterface.h">
      <Filter>Libraries\WataLib</Filter>
    </ClInclude>
    <ClInclude Include="Game\Enemys\BossEnemy\PlayerParts\BossEnemyBottom.h">
      <Filter>Game\Enemys\BossEnemy\Parts</Filter>
    </ClInclude>
    <ClInclude Include="Game\Enemys\BossEnemy\PlayerParts\BossEnemyHead.h">
      <Filter>Game\Enemys\BossEnemy\Parts</Filter>
    </ClInclude>
    <ClInclude Include="Game\Enemys\BossEnemy\PlayerParts\BossEnemyLeftArm.h">
      <Filter>Game\Enemys\BossEnemy\Parts</Filter>
    </ClInclude>
    <ClInclude Include="Game\Enemys\BossEnemy\PlayerParts\BossEnemyLeftArmJoint.h">
      <Filter>Game\Enemys\BossEnemy\Parts</Filter>
    </ClInclude>
    <ClInclude Include="Game\Enemys\BossEnemy\PlayerParts\BossEnemyLeftLeg.h">
      <Filter>Game\Enemys\BossEnemy\Parts</Filter>
    </ClInclude>
    <ClInclude Include="Game\Enemys\BossEnemy\PlayerParts\BossEnemyLeftShoulder.h">
      <Filter>Game\Enemys\BossEnemy\Parts</Filter>
    </ClInclude>
    <ClInclude Include="Game\Enemys\BossEnemy\PlayerParts\BossEnemyLeftThigh.h">
      <Filter>Game\Enemys\BossEnemy\Parts</Filter>
    </ClInclude>
    <ClInclude Include="Game\Enemys\BossEnemy\PlayerParts\BossEnemyPelvis.h">
      <Filter>Game\Enemys\BossEnemy\Parts</Filter>
    </ClInclude>
    <ClInclude Include="Game\Enemys\BossEnemy\PlayerParts\BossEnemyRightArm.h">
      <Filter>Game\Enemys\BossEnemy\Parts</Filter>
    </ClInclude>
    <ClInclude Include="Game\Enemys\BossEnemy\PlayerParts\BossEnemyRightArmJoint.h">
      <Filter>Game\Enemys\BossEnemy\Parts</Filter>
    </ClInclude>
    <ClInclude Include="Game\Enemys\BossEnemy\PlayerParts\BossEnemyRightLeg.h">
      <Filter>Game\Enemys\BossEnemy\Parts</Filter>
    </ClInclude>
    <ClInclude Include="Game\Enemys\BossEnemy\PlayerParts\BossEnemyRightShoulder.h">
      <Filter>Game\Enemys\BossEnemy\Parts</Filter>
    </ClInclude>
    <ClInclude Include="Game\Enemys\BossEnemy\PlayerParts\BossEnemyRightThigh.h">
      <Filter>Game\Enemys\BossEnemy\Parts</Filter>
    </ClInclude>
    <ClInclude Include="Game\TargetMarker.h">
      <Filter>Game</Filter>
    </ClInclude>
    <ClInclude Include="Game\Interface\IEffect.h">
      <Filter>Game\Interface</Filter>
    </ClInclude>
    <ClInclude Include="Game\Effect\EffectsManager.h">
      <Filter>Game\Effect</Filter>
    </ClInclude>
    <ClInclude Include="Game\Effect\ExplosionEffects.h">
      <Filter>Game\Effect</Filter>
    </ClInclude>
    <ClInclude Include="Game\Observer\Messenger.h">
      <Filter>Game\Observer</Filter>
    </ClInclude>
    <ClInclude Include="Game\UI\State\GameEndUI.h">
      <Filter>Game\UI\State</Filter>
    </ClInclude>
    <ClInclude Include="Libraries\WataLib\Camera\GameEndCamera.h">
      <Filter>Libraries\WataLib\Camera</Filter>
    </ClInclude>
    <ClInclude Include="Libraries\WataLib\Camera\TitleCamera.h">
      <Filter>Libraries\WataLib\Camera</Filter>
    </ClInclude>
    <ClInclude Include="Libraries\WataLib\Model3D.h">
      <Filter>Libraries\WataLib</Filter>
    </ClInclude>
    <ClInclude Include="Game\Enemys\BossEnemy\BehaviorTree\ActionNode.h">
      <Filter>Game\Enemys\BossEnemy\BehaviorTree</Filter>
    </ClInclude>
    <ClInclude Include="Game\Enemys\BossEnemy\BehaviorTree\BehaviorTree.h">
      <Filter>Game\Enemys\BossEnemy\BehaviorTree</Filter>
    </ClInclude>
    <ClInclude Include="Game\Enemys\BossEnemy\BehaviorTree\Conditions.h">
      <Filter>Game\Enemys\BossEnemy\BehaviorTree</Filter>
    </ClInclude>
    <ClInclude Include="Game\Enemys\BossEnemy\BehaviorTree\DecoratorNode.h">
      <Filter>Game\Enemys\BossEnemy\BehaviorTree</Filter>
    </ClInclude>
    <ClInclude Include="Game\Enemys\BossEnemy\BehaviorTree\ExecutionNode.h">
      <Filter>Game\Enemys\BossEnemy\BehaviorTree</Filter>
    </ClInclude>
    <ClInclude Include="Game\Enemys\BossEnemy\BehaviorTree\Root.h">
      <Filter>Game\Enemys\BossEnemy\BehaviorTree</Filter>
    </ClInclude>
    <ClInclude Include="Game\Enemys\BossEnemy\BehaviorTree\SelectorNode.h">
      <Filter>Game\Enemys\BossEnemy\BehaviorTree</Filter>
    </ClInclude>
    <ClInclude Include="Game\Enemys\BossEnemy\BehaviorTree\SequenceNode.h">
      <Filter>Game\Enemys\BossEnemy\BehaviorTree</Filter>
    </ClInclude>
    <ClInclude Include="Game\Interface\ILeafNode.h">
      <Filter>Game\Interface</Filter>
    </ClInclude>
    <ClInclude Include="Game\Interface\IBehaviorNode.h">
      <Filter>Game\Interface</Filter>
    </ClInclude>
    <ClInclude Include="Game\Interface\ICompositeNode.h">
      <Filter>Game\Interface</Filter>
    </ClInclude>
    <ClInclude Include="Game\Enemys\BossEnemy\Beam\Beam.h">
      <Filter>Game\Enemys\BossEnemy\Beam</Filter>
    </ClInclude>
    <ClInclude Include="Game\Enemys\BossEnemy\Beam\BeamChargeEffect.h">
      <Filter>Game\Enemys\BossEnemy\Beam</Filter>
    </ClInclude>
    <ClInclude Include="Game\Enemys\BossEnemy\Beam\BeamEnergyBall.h">
      <Filter>Game\Enemys\BossEnemy\Beam</Filter>
    </ClInclude>
    <ClInclude Include="Game\Enemys\BossEnemy\Beam\BeamRays.h">
      <Filter>Game\Enemys\BossEnemy\Beam</Filter>
    </ClInclude>
    <ClInclude Include="Libraries\MyLib\BinaryFile.h">
      <Filter>Libraries\MyLib</Filter>
    </ClInclude>
    <ClInclude Include="Game\Enemys\BirdEnemy\BirdEnemy.h">
      <Filter>Game\Enemys\BirdEnemy</Filter>
    </ClInclude>
    <ClInclude Include="Game\Scene\StageSelectScene.h">
      <Filter>Game\Scene</Filter>
    </ClInclude>
    <ClInclude Include="Game\Enemys\BossEnemy\PlayerParts\BossEnemyTorso.h">
      <Filter>Game\Enemys\BossEnemy\Parts</Filter>
    </ClInclude>
    <ClInclude Include="Game\Observer\EventParams.h">
      <Filter>Game\Observer</Filter>
    </ClInclude>
    <ClInclude Include="Game\Enemys\BossEnemy\BossEnemyPartsBase.h">
      <Filter>Game\Enemys\BossEnemy</Filter>
    </ClInclude>
    <ClInclude Include="Game\Player\PlayerPartsBase.h">
      <Filter>Game\Player</Filter>
    </ClInclude>
    <ClInclude Include="Game\Effect\DamageVignette.h">
      <Filter>Game\Effect</Filter>
    </ClInclude>
    <ClInclude Include="Game\Enemys\BirdEnemy\BirdEnemyBody.h">
      <Filter>Game\Enemys\BirdEnemy\Parts</Filter>
    </ClInclude>
    <ClInclude Include="Game\Enemys\BirdEnemy\BirdEnemyFeather.h">
      <Filter>Game\Enemys\BirdEnemy\Parts</Filter>
    </ClInclude>
    <ClInclude Include="Game\Enemys\BirdEnemy\BirdEnemyPartsBase.h">
      <Filter>Game\Enemys\BirdEnemy</Filter>
    </ClInclude>
    <ClInclude Include="Game\Enemys\BirdEnemy\State\BirdEnemyAttack.h">
      <Filter>Game\Enemys\BirdEnemy\State</Filter>
    </ClInclude>
    <ClInclude Include="Game\Enemys\BirdEnemy\State\BirdEnemyIdling.h">
      <Filter>Game\Enemys\BirdEnemy\State</Filter>
    </ClInclude>
    <ClInclude Include="Game\Enemys\BirdEnemy\State\BirdEnemyMove.h">
      <Filter>Game\Enemys\BirdEnemy\State</Filter>
    </ClInclude>
    <ClInclude Include="Game\Enemys\BirdEnemy\State\BirdEnemyStateMachine.h">
      <Filter>Game\Enemys\BirdEnemy\State</Filter>
    </ClInclude>
    <ClInclude Include="Game\Enemys\BirdEnemy\Beam\BirdEnemyBeamEnergyBall.h">
      <Filter>Game\Enemys\BirdEnemy\Beam</Filter>
    </ClInclude>
    <ClInclude Include="Game\Enemys\BirdEnemy\Beam\BeamState\BirdEnemyBeamStateMachine.h">
      <Filter>Game\Enemys\BirdEnemy\Beam\State</Filter>
    </ClInclude>
    <ClInclude Include="Game\Enemys\BirdEnemy\Beam\BeamState\BirdEnemyBeamAttack.h">
      <Filter>Game\Enemys\BirdEnemy\Beam\State</Filter>
    </ClInclude>
    <ClInclude Include="Game\Enemys\BirdEnemy\Beam\BeamState\BirdEnemyBeamIdling.h">
      <Filter>Game\Enemys\BirdEnemy\Beam\State</Filter>
    </ClInclude>
    <ClInclude Include="Game\Enemys\BirdEnemy\Beam\BeamState\BirdEnemyBeamPreliminaryAction.h">
      <Filter>Game\Enemys\BirdEnemy\Beam\State</Filter>
    </ClInclude>
    <ClInclude Include="Libraries\WataLib\Shadow.h">
      <Filter>Libraries\WataLib</Filter>
    </ClInclude>
    <ClInclude Include="Game\Effect\Particle\Particle.h">
      <Filter>Game\Effect\Particle</Filter>
    </ClInclude>
    <ClInclude Include="Game\Effect\Particle\ParticleUtility.h">
      <Filter>Game\Effect\Particle</Filter>
    </ClInclude>
    <ClInclude Include="Game\StageObject\Sky.h">
      <Filter>Game\StageObject</Filter>
    </ClInclude>
    <ClInclude Include="Game\Entities\BaseEntity.h">
      <Filter>Game\Entities</Filter>
    </ClInclude>
    <ClInclude Include="Game\Entities\CollisionEntity.h">
      <Filter>Game\Entities</Filter>
    </ClInclude>
    <ClInclude Include="Game\Entities\MoveEntity.h">
      <Filter>Game\Entities</Filter>
    </ClInclude>
    <ClInclude Include="Game\Entities\CharacterEntity.h">
      <Filter>Game\Entities</Filter>
    </ClInclude>
    <ClInclude Include="Game\Entities\INotMoveEntity.h">
      <Filter>Game\Entities</Filter>
    </ClInclude>
    <ClInclude Include="Game\Entities\CompositeEntity.h">
      <Filter>Game\Entities</Filter>
    </ClInclude>
    <ClInclude Include="Game\Params.h">
      <Filter>Game</Filter>
    </ClInclude>
    <ClInclude Include="Game\Entities\EnemyEntity.h">
      <Filter>Game\Entities</Filter>
    </ClInclude>
    <ClInclude Include="Game\Effect\HitEffect\CircleParticle.h">
      <Filter>Game\Effect\HitEffect</Filter>
    </ClInclude>
    <ClInclude Include="Game\Effect\HitEffect\HitEffect.h">
      <Filter>Game\Effect\HitEffect</Filter>
    </ClInclude>
    <ClInclude Include="Game\Enemys\BossEnemy\ActionNode\BeamAttack\BossBeamAttackEnd.h">
      <Filter>Game\Enemys\BossEnemy\ActionNode\BeamAttack</Filter>
    </ClInclude>
    <ClInclude Include="Game\Enemys\BossEnemy\ActionNode\BeamAttack\BossBeamAttackPreliminaryAction.h">
      <Filter>Game\Enemys\BossEnemy\ActionNode\BeamAttack</Filter>
    </ClInclude>
    <ClInclude Include="Game\Enemys\BossEnemy\ActionNode\BeamAttack\BossBeamAttackShot.h">
      <Filter>Game\Enemys\BossEnemy\ActionNode\BeamAttack</Filter>
    </ClInclude>
    <ClInclude Include="Game\Interface\IActione.h">
      <Filter>Game\Interface</Filter>
    </ClInclude>
    <ClInclude Include="Game\Enemys\BossEnemy\ActionNode\BeamAttack\BossBeamAttackCharge.h">
      <Filter>Game\Enemys\BossEnemy\ActionNode\BeamAttack</Filter>
    </ClInclude>
    <ClInclude Include="Game\MathUtil.h">
      <Filter>Game</Filter>
    </ClInclude>
    <ClInclude Include="Game\Enemys\BossEnemy\ActionNode\BeamAttack\BossBeamAttackAction.h">
      <Filter>Game\Enemys\BossEnemy\ActionNode\BeamAttack</Filter>
    </ClInclude>
    <ClInclude Include="Game\Player\State\PlayerAttack.h">
      <Filter>Game\Player\PlayerState</Filter>
    </ClInclude>
    <ClInclude Include="Game\Player\State\PlayerIdle.h">
      <Filter>Game\Player\PlayerState</Filter>
    </ClInclude>
    <ClInclude Include="Game\Player\State\PlayerStateMachine.h">
      <Filter>Game\Player\PlayerState</Filter>
    </ClInclude>
    <ClInclude Include="Game\Enemys\BossEnemy\ActionNode\BarrierDefense\BarrierDeployment.h">
      <Filter>Game\Enemys\BossEnemy\ActionNode\BarrierDefense</Filter>
    </ClInclude>
    <ClInclude Include="Game\Enemys\BossEnemy\ActionNode\BarrierDefense\BarrierPreliminaryAction.h">
      <Filter>Game\Enemys\BossEnemy\ActionNode\BarrierDefense</Filter>
    </ClInclude>
    <ClInclude Include="Game\Enemys\BossEnemy\Barrier\Barrier.h">
      <Filter>Game\Enemys\BossEnemy\Barrier</Filter>
    </ClInclude>
    <ClInclude Include="Game\Enemys\BossEnemy\ActionNode\BarrierDefense\BarrierDefenseAction.h">
      <Filter>Game\Enemys\BossEnemy\ActionNode\BarrierDefense</Filter>
    </ClInclude>
    <ClInclude Include="Game\Enemys\BossEnemy\Barrier\State\BarrierGenerate.h">
      <Filter>Game\Enemys\BossEnemy\Barrier\State</Filter>
    </ClInclude>
    <ClInclude Include="Game\Enemys\BossEnemy\Barrier\State\BarrierStateMachine.h">
      <Filter>Game\Enemys\BossEnemy\Barrier\State</Filter>
    </ClInclude>
    <ClInclude Include="Game\Weapon\Boomerang\State\BoomerangRepelled.h">
      <Filter>Game\Weapon\Boomerang\State</Filter>
    </ClInclude>
    <ClInclude Include="Game\Weapon\Boomerang\State\BoomerangDrop.h">
      <Filter>Game\Weapon\Boomerang\State</Filter>
    </ClInclude>
    <ClInclude Include="Game\ItemAcquisition.h">
      <Filter>Game</Filter>
    </ClInclude>
    <ClInclude Include="Game\Entities\ItemEntity.h">
      <Filter>Game\Entities</Filter>
    </ClInclude>
    <ClInclude Include="Game\Enemys\BossEnemy\Barrier\State\BarrierShrink.h">
      <Filter>Game\Enemys\BossEnemy\Barrier\State</Filter>
    </ClInclude>
    <ClInclude Include="Game\Weapon\Boomerang\State\BoomerangRightThrow.h">
      <Filter>Game\Weapon\Boomerang\State</Filter>
    </ClInclude>
    <ClInclude Include="Game\Weapon\Boomerang\State\BoomerangLeftThrow.h">
      <Filter>Game\Weapon\Boomerang\State</Filter>
    </ClInclude>
    <ClInclude Include="Game\Weapon\Boomerang\State\BoomerangFrontThrow.h">
      <Filter>Game\Weapon\Boomerang\State</Filter>
    </ClInclude>
    <ClInclude Include="Game\Interface\IKeyBoardObserver.h">
      <Filter>Game\Interface</Filter>
    </ClInclude>
    <ClInclude Include="Game\Score.h">
      <Filter>Game</Filter>
    </ClInclude>
    <ClInclude Include="Game\Scene\ResultScene.h">
      <Filter>Game\Scene</Filter>
    </ClInclude>
    <ClInclude Include="Game\Enemys\BossEnemy\ActionNode\BarrierDefense\BarrierClose.h">
      <Filter>Game\Enemys\BossEnemy\ActionNode\BarrierDefense</Filter>
    </ClInclude>
    <ClInclude Include="Game\Enemys\BossEnemy\ActionNode\JumpAttack\BossJumpAttackAction.h">
      <Filter>Game\Enemys\BossEnemy\ActionNode\JumpAttack</Filter>
    </ClInclude>
    <ClInclude Include="Game\Enemys\BossEnemy\ActionNode\JumpAttack\BossJumpAttackCharge.h">
      <Filter>Game\Enemys\BossEnemy\ActionNode\JumpAttack</Filter>
    </ClInclude>
    <ClInclude Include="Game\Enemys\BossEnemy\ActionNode\JumpAttack\BossJumpAttackJump.h">
      <Filter>Game\Enemys\BossEnemy\ActionNode\JumpAttack</Filter>
    </ClInclude>
    <ClInclude Include="Game\Effect\ChargeEffect\ChargeEffect.h">
      <Filter>Game\Effect\ChargeEffect</Filter>
    </ClInclude>
    <ClInclude Include="Game\Enemys\BossEnemy\ActionNode\RushAttack\BossRushAttackAction.h">
      <Filter>Game\Enemys\BossEnemy\ActionNode\RushAttack</Filter>
    </ClInclude>
    <ClInclude Include="Game\Enemys\BossEnemy\ActionNode\RushAttack\BossRushAttackCharge.h">
      <Filter>Game\Enemys\BossEnemy\ActionNode\RushAttack</Filter>
    </ClInclude>
    <ClInclude Include="Game\Enemys\BossEnemy\ActionNode\RushAttack\BossRushAttackRush.h">
      <Filter>Game\Enemys\BossEnemy\ActionNode\RushAttack</Filter>
    </ClInclude>
    <ClInclude Include="Libraries\WataLib\DamageCountUI.h">
      <Filter>Libraries\WataLib</Filter>
    </ClInclude>
    <ClInclude Include="Libraries\WataLib\DrawNumber.h">
      <Filter>Libraries</Filter>
    </ClInclude>
    <ClInclude Include="Libraries\WataLib\GameResources.h">
      <Filter>Libraries\WataLib</Filter>
    </ClInclude>
    <ClInclude Include="Game\Observer\Telegram.h">
      <Filter>Game\Observer</Filter>
    </ClInclude>
    <ClInclude Include="Game\Sound\SoundManager.h">
      <Filter>Game\Sound</Filter>
    </ClInclude>
    <ClInclude Include="Libraries\WataLib\Singleton.h">
      <Filter>Libraries\WataLib</Filter>
    </ClInclude>
    <ClInclude Include="Game\Enemys\BossEnemy\BossEnemy.h">
      <Filter>Game\Enemys\BossEnemy</Filter>
    </ClInclude>
    <ClInclude Include="Game\Enemys\BossEnemy\ActionNode\Orientation\OrientationAction.h">
      <Filter>Game\Enemys\BossEnemy\ActionNode\Orientation</Filter>
    </ClInclude>
    <ClInclude Include="Game\Entities\ActionStateController.h">
      <Filter>Game\Entities</Filter>
    </ClInclude>
    <ClInclude Include="Game\Enemys\BossEnemy\ActionNode\Walking\WalkingAction.h">
      <Filter>Game\Enemys\BossEnemy\ActionNode\Walking</Filter>
    </ClInclude>
    <ClInclude Include="Game\Enemys\BossEnemy\ActionNode\Walking\WalkingActionComtroller.h">
      <Filter>Game\Enemys\BossEnemy\ActionNode\Walking</Filter>
    </ClInclude>
    <ClInclude Include="Game\Enemys\BossEnemy\ActionNode\SwingDownAttack\SwingDownAttackAction.h">
      <Filter>Game\Enemys\BossEnemy\ActionNode\SwingDownAttack</Filter>
    </ClInclude>
    <ClInclude Include="Game\Enemys\BossEnemy\ActionNode\SwingDownAttack\SwingDownAttackRaisePhase.h">
      <Filter>Game\Enemys\BossEnemy\ActionNode\SwingDownAttack</Filter>
    </ClInclude>
    <ClInclude Include="Game\Enemys\BossEnemy\ActionNode\SwingDownAttack\SwingDownAttackSwingPhase.h">
      <Filter>Game\Enemys\BossEnemy\ActionNode\SwingDownAttack</Filter>
    </ClInclude>
    <ClInclude Include="Game\Enemys\BossEnemy\ActionNode\Idleing\IdleingAction.h">
      <Filter>Game\Enemys\BossEnemy\ActionNode\Idleing</Filter>
    </ClInclude>
    <ClInclude Include="Game\Enemys\BossEnemy\ActionNode\Idleing\IdleingActionComtroller.h">
      <Filter>Game\Enemys\BossEnemy\ActionNode\Idleing</Filter>
    </ClInclude>
    <ClInclude Include="Game\InstanceRegistry.h">
      <Filter>Game</Filter>
    </ClInclude>
    <ClInclude Include="Game\Enemys\BirdEnemy\Beam\BirdEnemyBeam.h">
      <Filter>Game\Enemys\BirdEnemy\Beam</Filter>
    </ClInclude>
    <ClInclude Include="Game\UI\ThrowQuantity.h">
      <Filter>Game\UI</Filter>
    </ClInclude>
    <ClInclude Include="Game\Entities\UIBaseEntity.h">
      <Filter>Game\Entities</Filter>
    </ClInclude>
  </ItemGroup>
  <ItemGroup>
    <ClCompile Include="pch.cpp" />
    <ClCompile Include="Game.cpp" />
    <ClCompile Include="Main.cpp" />
    <ClCompile Include="DeviceResources.cpp">
      <Filter>Common</Filter>
    </ClCompile>
    <ClCompile Include="Game\CommonResources.cpp">
      <Filter>Game</Filter>
    </ClCompile>
    <ClCompile Include="Libraries\Microsoft\DebugDraw.cpp">
      <Filter>Libraries\Microsoft</Filter>
    </ClCompile>
    <ClCompile Include="Libraries\MyLib\DebugCamera.cpp">
      <Filter>Libraries\MyLib</Filter>
    </ClCompile>
    <ClCompile Include="Libraries\MyLib\DebugString.cpp">
      <Filter>Libraries\MyLib</Filter>
    </ClCompile>
    <ClCompile Include="Libraries\MyLib\GridFloor.cpp">
      <Filter>Libraries\MyLib</Filter>
    </ClCompile>
    <ClCompile Include="Libraries\MyLib\InputManager.cpp">
      <Filter>Libraries\MyLib</Filter>
    </ClCompile>
    <ClCompile Include="Game\Scene\TitleScene.cpp">
      <Filter>Game\Scene</Filter>
    </ClCompile>
    <ClCompile Include="Game\Scene\PlayScene.cpp">
      <Filter>Game\Scene</Filter>
    </ClCompile>
    <ClCompile Include="Game\Scene\SceneManager.cpp">
      <Filter>Game\Scene</Filter>
    </ClCompile>
    <ClCompile Include="Base.cpp">
      <Filter>Game</Filter>
    </ClCompile>
    <ClCompile Include="Game\Player\Player.cpp">
      <Filter>Game\Player</Filter>
    </ClCompile>
    <ClCompile Include="Game\Player\PlayerParts\PlayerBody.cpp">
      <Filter>Game\Player\PlayerParts</Filter>
    </ClCompile>
    <ClCompile Include="Game\Player\PlayerParts\PlayerHead.cpp">
      <Filter>Game\Player\PlayerParts</Filter>
    </ClCompile>
    <ClCompile Include="Game\Player\PlayerParts\PlayerLeftArm.cpp">
      <Filter>Game\Player\PlayerParts</Filter>
    </ClCompile>
    <ClCompile Include="Game\Player\PlayerParts\PlayerRightArm.cpp">
      <Filter>Game\Player\PlayerParts</Filter>
    </ClCompile>
    <ClCompile Include="Game\Player\PlayerParts\PlayerLeftFeet.cpp">
      <Filter>Game\Player\PlayerParts</Filter>
    </ClCompile>
    <ClCompile Include="Game\Player\PlayerParts\PlayerRightFeet.cpp">
      <Filter>Game\Player\PlayerParts</Filter>
    </ClCompile>
    <ClCompile Include="Game\StageObject\Floor.cpp">
      <Filter>Game\StageObject</Filter>
    </ClCompile>
    <ClCompile Include="Game\StageObject\StageObjectManager.cpp">
      <Filter>Game\StageObject</Filter>
    </ClCompile>
    <ClCompile Include="Libraries\WataLib\Json.cpp">
      <Filter>Libraries\WataLib</Filter>
    </ClCompile>
    <ClCompile Include="Game\StageObject\Wall.cpp">
      <Filter>Game\StageObject</Filter>
    </ClCompile>
    <ClCompile Include="Game\Enemys\EnemyManager.cpp">
      <Filter>Game\Enemys</Filter>
    </ClCompile>
    <ClCompile Include="Libraries\WataLib\Fade.cpp">
      <Filter>Libraries\WataLib</Filter>
    </ClCompile>
    <ClCompile Include="Libraries\WataLib\Animation.cpp">
      <Filter>Libraries\WataLib</Filter>
    </ClCompile>
    <ClCompile Include="Libraries\WataLib\Mouse.cpp">
      <Filter>Libraries\WataLib</Filter>
    </ClCompile>
    <ClCompile Include="Libraries\WataLib\Camera\CameraManager.cpp">
      <Filter>Libraries\WataLib\Camera</Filter>
    </ClCompile>
    <ClCompile Include="Libraries\WataLib\Camera\TPS_Camera.cpp">
      <Filter>Libraries\WataLib\Camera</Filter>
    </ClCompile>
    <ClCompile Include="Game\Player\PlayerUsually.cpp">
      <Filter>Game\Player</Filter>
    </ClCompile>
    <ClCompile Include="Libraries\WataLib\Bounding.cpp">
      <Filter>Libraries\WataLib</Filter>
    </ClCompile>
    <ClCompile Include="Libraries\WataLib\DetectionCollision.cpp">
      <Filter>Libraries\WataLib</Filter>
    </ClCompile>
    <ClCompile Include="Game\CollisiionManager.cpp">
      <Filter>Game</Filter>
    </ClCompile>
    <ClCompile Include="Game\Weapon\Boomerang\Boomerang.cpp">
      <Filter>Game\Weapon\Boomerang</Filter>
    </ClCompile>
    <ClCompile Include="Game\Weapon\Boomerang\State\BoomerangIdle.cpp">
      <Filter>Game\Weapon\Boomerang\State</Filter>
    </ClCompile>
    <ClCompile Include="Game\Weapon\Boomerang\State\BoomerangStateMachine.cpp">
      <Filter>Game\Weapon\Boomerang\State</Filter>
    </ClCompile>
    <ClCompile Include="Game\Weapon\Boomerang\State\BoomerangGetReady.cpp">
      <Filter>Game\Weapon\Boomerang\State</Filter>
    </ClCompile>
    <ClCompile Include="Libraries\WataLib\CSV.cpp">
      <Filter>Libraries\WataLib</Filter>
    </ClCompile>
    <ClCompile Include="Game\UI\UIManager.cpp">
      <Filter>Game\UI</Filter>
    </ClCompile>
    <ClCompile Include="Game\UI\State\GamePlayUI.cpp">
      <Filter>Game\UI\State</Filter>
    </ClCompile>
    <ClCompile Include="Game\UI\State\UIStateMachine.cpp">
      <Filter>Game\UI\State</Filter>
    </ClCompile>
    <ClCompile Include="Libraries\WataLib\UserInterface.cpp">
      <Filter>Libraries\WataLib</Filter>
    </ClCompile>
    <ClCompile Include="Game\Enemys\BossEnemy\BossEnemy.cpp">
      <Filter>Game\Enemys\BossEnemy</Filter>
    </ClCompile>
    <ClCompile Include="Game\Enemys\BossEnemy\PlayerParts\BossEnemyBottom.cpp">
      <Filter>Game\Enemys\BossEnemy\Parts</Filter>
    </ClCompile>
    <ClCompile Include="Game\Enemys\BossEnemy\PlayerParts\BossEnemyHead.cpp">
      <Filter>Game\Enemys\BossEnemy\Parts</Filter>
    </ClCompile>
    <ClCompile Include="Game\Enemys\BossEnemy\PlayerParts\BossEnemyLeftArm.cpp">
      <Filter>Game\Enemys\BossEnemy\Parts</Filter>
    </ClCompile>
    <ClCompile Include="Game\Enemys\BossEnemy\PlayerParts\BossEnemyLeftArmJoint.cpp">
      <Filter>Game\Enemys\BossEnemy\Parts</Filter>
    </ClCompile>
    <ClCompile Include="Game\Enemys\BossEnemy\PlayerParts\BossEnemyLeftLeg.cpp">
      <Filter>Game\Enemys\BossEnemy\Parts</Filter>
    </ClCompile>
    <ClCompile Include="Game\Enemys\BossEnemy\PlayerParts\BossEnemyLeftShoulder.cpp">
      <Filter>Game\Enemys\BossEnemy\Parts</Filter>
    </ClCompile>
    <ClCompile Include="Game\Enemys\BossEnemy\PlayerParts\BossEnemyLeftThigh.cpp">
      <Filter>Game\Enemys\BossEnemy\Parts</Filter>
    </ClCompile>
    <ClCompile Include="Game\Enemys\BossEnemy\PlayerParts\BossEnemyPelvis.cpp">
      <Filter>Game\Enemys\BossEnemy\Parts</Filter>
    </ClCompile>
    <ClCompile Include="Game\Enemys\BossEnemy\PlayerParts\BossEnemyRightArm.cpp">
      <Filter>Game\Enemys\BossEnemy\Parts</Filter>
    </ClCompile>
    <ClCompile Include="Game\Enemys\BossEnemy\PlayerParts\BossEnemyRightArmJoint.cpp">
      <Filter>Game\Enemys\BossEnemy\Parts</Filter>
    </ClCompile>
    <ClCompile Include="Game\Enemys\BossEnemy\PlayerParts\BossEnemyRightLeg.cpp">
      <Filter>Game\Enemys\BossEnemy\Parts</Filter>
    </ClCompile>
    <ClCompile Include="Game\Enemys\BossEnemy\PlayerParts\BossEnemyRightShoulder.cpp">
      <Filter>Game\Enemys\BossEnemy\Parts</Filter>
    </ClCompile>
    <ClCompile Include="Game\Enemys\BossEnemy\PlayerParts\BossEnemyRightThigh.cpp">
      <Filter>Game\Enemys\BossEnemy\Parts</Filter>
    </ClCompile>
    <ClCompile Include="Game\Enemys\BossEnemy\PlayerParts\BossEnemyTorso.cpp">
      <Filter>Game\Enemys\BossEnemy\Parts</Filter>
    </ClCompile>
    <ClCompile Include="Game\TargetMarker.cpp">
      <Filter>Game</Filter>
    </ClCompile>
    <ClCompile Include="Game\Effect\EffectsManager.cpp">
      <Filter>Game\Effect</Filter>
    </ClCompile>
    <ClCompile Include="Game\Effect\ExplosionEffects.cpp">
      <Filter>Game\Effect</Filter>
    </ClCompile>
    <ClCompile Include="Game\Observer\Messenger.cpp">
      <Filter>Game\Observer</Filter>
    </ClCompile>
    <ClCompile Include="Game\UI\State\GameEndUI.cpp">
      <Filter>Game\UI\State</Filter>
    </ClCompile>
    <ClCompile Include="Libraries\WataLib\Camera\GameEndCamera.cpp">
      <Filter>Libraries\WataLib\Camera</Filter>
    </ClCompile>
    <ClCompile Include="Libraries\WataLib\Camera\TitleCamera.cpp">
      <Filter>Libraries\WataLib\Camera</Filter>
    </ClCompile>
    <ClCompile Include="Libraries\WataLib\Model3D.cpp">
      <Filter>Libraries\WataLib</Filter>
    </ClCompile>
    <ClCompile Include="Game\Enemys\BossEnemy\BehaviorTree\ActionNode.cpp">
      <Filter>Game\Enemys\BossEnemy\BehaviorTree</Filter>
    </ClCompile>
    <ClCompile Include="Game\Enemys\BossEnemy\BehaviorTree\BehaviorTree.cpp">
      <Filter>Game\Enemys\BossEnemy\BehaviorTree</Filter>
    </ClCompile>
    <ClCompile Include="Game\Enemys\BossEnemy\BehaviorTree\Conditions.cpp">
      <Filter>Game\Enemys\BossEnemy\BehaviorTree</Filter>
    </ClCompile>
    <ClCompile Include="Game\Enemys\BossEnemy\BehaviorTree\DecoratorNode.cpp">
      <Filter>Game\Enemys\BossEnemy\BehaviorTree</Filter>
    </ClCompile>
    <ClCompile Include="Game\Enemys\BossEnemy\BehaviorTree\ExecutionNode.cpp">
      <Filter>Game\Enemys\BossEnemy\BehaviorTree</Filter>
    </ClCompile>
    <ClCompile Include="Game\Enemys\BossEnemy\BehaviorTree\Root.cpp">
      <Filter>Game\Enemys\BossEnemy\BehaviorTree</Filter>
    </ClCompile>
    <ClCompile Include="Game\Enemys\BossEnemy\BehaviorTree\SelectorNode.cpp">
      <Filter>Game\Enemys\BossEnemy\BehaviorTree</Filter>
    </ClCompile>
    <ClCompile Include="Game\Enemys\BossEnemy\BehaviorTree\SequenceNode.cpp">
      <Filter>Game\Enemys\BossEnemy\BehaviorTree</Filter>
    </ClCompile>
    <ClCompile Include="Game\Enemys\BossEnemy\Beam\Beam.cpp">
      <Filter>Game\Enemys\BossEnemy\Beam</Filter>
    </ClCompile>
    <ClCompile Include="Game\Enemys\BossEnemy\Beam\BeamChargeEffect.cpp">
      <Filter>Game\Enemys\BossEnemy\Beam</Filter>
    </ClCompile>
    <ClCompile Include="Game\Enemys\BossEnemy\Beam\BeamEnergyBall.cpp">
      <Filter>Game\Enemys\BossEnemy\Beam</Filter>
    </ClCompile>
    <ClCompile Include="Game\Enemys\BossEnemy\Beam\BeamRays.cpp">
      <Filter>Game\Enemys\BossEnemy\Beam</Filter>
    </ClCompile>
    <ClCompile Include="Libraries\MyLib\BinaryFile.cpp">
      <Filter>Libraries\MyLib</Filter>
    </ClCompile>
    <ClCompile Include="Game\Enemys\BirdEnemy\BirdEnemy.cpp">
      <Filter>Game\Enemys\BirdEnemy</Filter>
    </ClCompile>
    <ClCompile Include="Game\Scene\StageSelectScene.cpp">
      <Filter>Game\Scene</Filter>
    </ClCompile>
    <ClCompile Include="Game\Enemys\BossEnemy\BossEnemyPartsBase.cpp">
      <Filter>Game\Enemys\BossEnemy</Filter>
    </ClCompile>
    <ClCompile Include="Game\Player\PlayerPartsBase.cpp">
      <Filter>Game\Player</Filter>
    </ClCompile>
    <ClCompile Include="Game\Effect\DamageVignette.cpp">
      <Filter>Game\Effect</Filter>
    </ClCompile>
    <ClCompile Include="Game\Enemys\BirdEnemy\BirdEnemyBody.cpp">
      <Filter>Game\Enemys\BirdEnemy\Parts</Filter>
    </ClCompile>
    <ClCompile Include="Game\Enemys\BirdEnemy\BirdEnemyFeather.cpp">
      <Filter>Game\Enemys\BirdEnemy\Parts</Filter>
    </ClCompile>
    <ClCompile Include="Game\Enemys\BirdEnemy\BirdEnemyPartsBase.cpp">
      <Filter>Game\Enemys\BirdEnemy</Filter>
    </ClCompile>
    <ClCompile Include="Game\Enemys\BirdEnemy\State\BirdEnemyAttack.cpp">
      <Filter>Game\Enemys\BirdEnemy\State</Filter>
    </ClCompile>
    <ClCompile Include="Game\Enemys\BirdEnemy\State\BirdEnemyIdling.cpp">
      <Filter>Game\Enemys\BirdEnemy\State</Filter>
    </ClCompile>
    <ClCompile Include="Game\Enemys\BirdEnemy\State\BirdEnemyMove.cpp">
      <Filter>Game\Enemys\BirdEnemy\State</Filter>
    </ClCompile>
    <ClCompile Include="Game\Enemys\BirdEnemy\State\BirdEnemyStateMachine.cpp">
      <Filter>Game\Enemys\BirdEnemy\State</Filter>
    </ClCompile>
    <ClCompile Include="Game\Enemys\BirdEnemy\Beam\BirdEnemyBeamEnergyBall.cpp">
      <Filter>Game\Enemys\BirdEnemy\Beam</Filter>
    </ClCompile>
    <ClCompile Include="Game\Enemys\BirdEnemy\Beam\BeamState\BirdEnemyBeamStateMachine.cpp">
      <Filter>Game\Enemys\BirdEnemy\Beam\State</Filter>
    </ClCompile>
    <ClCompile Include="Game\Enemys\BirdEnemy\Beam\BeamState\BirdEnemyBeamAttack.cpp">
      <Filter>Game\Enemys\BirdEnemy\Beam\State</Filter>
    </ClCompile>
    <ClCompile Include="Game\Enemys\BirdEnemy\Beam\BeamState\BirdEnemyBeamIdling.cpp">
      <Filter>Game\Enemys\BirdEnemy\Beam\State</Filter>
    </ClCompile>
    <ClCompile Include="Game\Enemys\BirdEnemy\Beam\BeamState\BirdEnemyBeamPreliminaryAction.cpp">
      <Filter>Game\Enemys\BirdEnemy\Beam\State</Filter>
    </ClCompile>
    <ClCompile Include="Libraries\WataLib\Shadow.cpp">
      <Filter>Libraries\WataLib</Filter>
    </ClCompile>
    <ClCompile Include="Game\Effect\Particle\Particle.cpp">
      <Filter>Game\Effect\Particle</Filter>
    </ClCompile>
    <ClCompile Include="Game\Effect\Particle\ParticleUtility.cpp">
      <Filter>Game\Effect\Particle</Filter>
    </ClCompile>
    <ClCompile Include="Game\StageObject\Sky.cpp">
      <Filter>Game\StageObject</Filter>
    </ClCompile>
    <ClCompile Include="Game\Entities\BaseEntity.cpp">
      <Filter>Game\Entities</Filter>
    </ClCompile>
    <ClCompile Include="Game\Entities\CollisionEntity.cpp">
      <Filter>Game\Entities</Filter>
    </ClCompile>
    <ClCompile Include="Game\Entities\MoveEntity.cpp">
      <Filter>Game\Entities</Filter>
    </ClCompile>
    <ClCompile Include="Game\Entities\CharacterEntity.cpp">
      <Filter>Game\Entities</Filter>
    </ClCompile>
    <ClCompile Include="Game\Entities\INotMoveEntity.cpp">
      <Filter>Game\Entities</Filter>
    </ClCompile>
    <ClCompile Include="Game\Entities\CompositeEntity.cpp">
      <Filter>Game\Entities</Filter>
    </ClCompile>
    <ClCompile Include="Game\Params.cpp">
      <Filter>Game</Filter>
    </ClCompile>
    <ClCompile Include="Game\Entities\EnemyEntity.cpp">
      <Filter>Game\Entities</Filter>
    </ClCompile>
    <ClCompile Include="Game\Effect\HitEffect\CircleParticle.cpp">
      <Filter>Game\Effect\HitEffect</Filter>
    </ClCompile>
    <ClCompile Include="Game\Effect\HitEffect\HitEffect.cpp">
      <Filter>Game\Effect\HitEffect</Filter>
    </ClCompile>
    <ClCompile Include="Game\Enemys\BossEnemy\ActionNode\BeamAttack\BossBeamAttackEnd.cpp">
      <Filter>Game\Enemys\BossEnemy\ActionNode\BeamAttack</Filter>
    </ClCompile>
    <ClCompile Include="Game\Enemys\BossEnemy\ActionNode\BeamAttack\BossBeamAttackPreliminaryAction.cpp">
      <Filter>Game\Enemys\BossEnemy\ActionNode\BeamAttack</Filter>
    </ClCompile>
    <ClCompile Include="Game\Enemys\BossEnemy\ActionNode\BeamAttack\BossBeamAttackShot.cpp">
      <Filter>Game\Enemys\BossEnemy\ActionNode\BeamAttack</Filter>
    </ClCompile>
    <ClCompile Include="Game\Enemys\BossEnemy\ActionNode\BeamAttack\BossBeamAttackCharge.cpp">
      <Filter>Game\Enemys\BossEnemy\ActionNode\BeamAttack</Filter>
    </ClCompile>
    <ClCompile Include="Game\Enemys\BossEnemy\ActionNode\BeamAttack\BossBeamAttackAction.cpp">
      <Filter>Game\Enemys\BossEnemy\ActionNode\BeamAttack</Filter>
    </ClCompile>
    <ClCompile Include="Game\Player\State\PlayerAttack.cpp">
      <Filter>Game\Player\PlayerState</Filter>
    </ClCompile>
    <ClCompile Include="Game\Player\State\PlayerIdle.cpp">
      <Filter>Game\Player\PlayerState</Filter>
    </ClCompile>
    <ClCompile Include="Game\Player\State\PlayerStateMachine.cpp">
      <Filter>Game\Player\PlayerState</Filter>
    </ClCompile>
    <ClCompile Include="Game\Enemys\BossEnemy\ActionNode\BarrierDefense\BarrierDeployment.cpp">
      <Filter>Game\Enemys\BossEnemy\ActionNode\BarrierDefense</Filter>
    </ClCompile>
    <ClCompile Include="Game\Enemys\BossEnemy\ActionNode\BarrierDefense\BarrierPreliminaryAction.cpp">
      <Filter>Game\Enemys\BossEnemy\ActionNode\BarrierDefense</Filter>
    </ClCompile>
    <ClCompile Include="Game\Enemys\BossEnemy\Barrier\Barrier.cpp">
      <Filter>Game\Enemys\BossEnemy\Barrier</Filter>
    </ClCompile>
    <ClCompile Include="Game\Enemys\BossEnemy\ActionNode\BarrierDefense\BarrierDefenseAction.cpp">
      <Filter>Game\Enemys\BossEnemy\ActionNode\BarrierDefense</Filter>
    </ClCompile>
    <ClCompile Include="Game\Enemys\BossEnemy\Barrier\State\BarrierGenerate.cpp">
      <Filter>Game\Enemys\BossEnemy\Barrier\State</Filter>
    </ClCompile>
    <ClCompile Include="Game\Enemys\BossEnemy\Barrier\State\BarrierStateMachine.cpp">
      <Filter>Game\Enemys\BossEnemy\Barrier\State</Filter>
    </ClCompile>
    <ClCompile Include="Game\Weapon\Boomerang\State\BoomerangRepelled.cpp">
      <Filter>Game\Weapon\Boomerang\State</Filter>
    </ClCompile>
    <ClCompile Include="Game\Weapon\Boomerang\State\BoomerangDrop.cpp">
      <Filter>Game\Weapon\Boomerang\State</Filter>
    </ClCompile>
    <ClCompile Include="Game\ItemAcquisition.cpp">
      <Filter>Game</Filter>
    </ClCompile>
    <ClCompile Include="Game\Entities\ItemEntity.cpp">
      <Filter>Game\Entities</Filter>
    </ClCompile>
    <ClCompile Include="Game\Enemys\BossEnemy\Barrier\State\BarrierShrink.cpp">
      <Filter>Game\Enemys\BossEnemy\Barrier\State</Filter>
    </ClCompile>
    <ClCompile Include="Game\Weapon\Boomerang\State\BoomerangRightThrow.cpp">
      <Filter>Game\Weapon\Boomerang\State</Filter>
    </ClCompile>
    <ClCompile Include="Game\Weapon\Boomerang\State\BoomerangLeftThrow.cpp">
      <Filter>Game\Weapon\Boomerang\State</Filter>
    </ClCompile>
    <ClCompile Include="Game\Weapon\Boomerang\State\BoomerangFrontThrow.cpp">
      <Filter>Game\Weapon\Boomerang\State</Filter>
    </ClCompile>
    <ClCompile Include="Game\Score.cpp">
      <Filter>Game</Filter>
    </ClCompile>
    <ClCompile Include="Game\Scene\ResultScene.cpp">
      <Filter>Game\Scene</Filter>
    </ClCompile>
    <ClCompile Include="Game\Enemys\BossEnemy\ActionNode\BarrierDefense\BarrierClose.cpp">
      <Filter>Game\Enemys\BossEnemy\ActionNode\BarrierDefense</Filter>
    </ClCompile>
    <ClCompile Include="Game\Enemys\BossEnemy\ActionNode\JumpAttack\BossJumpAttackAction.cpp">
      <Filter>Game\Enemys\BossEnemy\ActionNode\JumpAttack</Filter>
    </ClCompile>
    <ClCompile Include="Game\Enemys\BossEnemy\ActionNode\JumpAttack\BossJumpAttackCharge.cpp">
      <Filter>Game\Enemys\BossEnemy\ActionNode\JumpAttack</Filter>
    </ClCompile>
    <ClCompile Include="Game\Enemys\BossEnemy\ActionNode\JumpAttack\BossJumpAttackJump.cpp">
      <Filter>Game\Enemys\BossEnemy\ActionNode\JumpAttack</Filter>
    </ClCompile>
    <ClCompile Include="Game\Effect\ChargeEffect\ChargeEffect.cpp">
      <Filter>Game\Effect\ChargeEffect</Filter>
    </ClCompile>
    <ClCompile Include="Game\Enemys\BossEnemy\ActionNode\RushAttack\BossRushAttackAction.cpp">
      <Filter>Game\Enemys\BossEnemy\ActionNode\RushAttack</Filter>
    </ClCompile>
    <ClCompile Include="Game\Enemys\BossEnemy\ActionNode\RushAttack\BossRushAttackCharge.cpp">
      <Filter>Game\Enemys\BossEnemy\ActionNode\RushAttack</Filter>
    </ClCompile>
    <ClCompile Include="Game\Enemys\BossEnemy\ActionNode\RushAttack\BossRushAttackRush.cpp">
      <Filter>Game\Enemys\BossEnemy\ActionNode\RushAttack</Filter>
    </ClCompile>
    <ClCompile Include="Libraries\WataLib\DamageCountUI.cpp">
      <Filter>Libraries\WataLib</Filter>
    </ClCompile>
    <ClCompile Include="Libraries\WataLib\DrawNumber.cpp">
      <Filter>Libraries</Filter>
    </ClCompile>
    <ClCompile Include="Libraries\WataLib\GameResources.cpp">
      <Filter>Libraries\WataLib</Filter>
    </ClCompile>
    <ClCompile Include="Game\Sound\SoundManager.cpp">
      <Filter>Game\Sound</Filter>
    </ClCompile>
    <ClCompile Include="Game\Enemys\BossEnemy\ActionNode\Orientation\OrientationAction.cpp">
      <Filter>Game\Enemys\BossEnemy\ActionNode\Orientation</Filter>
    </ClCompile>
    <ClCompile Include="Game\Entities\ActionStateController.cpp">
      <Filter>Game\Entities</Filter>
    </ClCompile>
    <ClCompile Include="Game\Enemys\BossEnemy\ActionNode\Walking\WalkingAction.cpp">
      <Filter>Game\Enemys\BossEnemy\ActionNode\Walking</Filter>
    </ClCompile>
    <ClCompile Include="Game\Enemys\BossEnemy\ActionNode\Walking\WalkingActionComtroller.cpp">
      <Filter>Game\Enemys\BossEnemy\ActionNode\Walking</Filter>
    </ClCompile>
    <ClCompile Include="Game\Enemys\BossEnemy\ActionNode\SwingDownAttack\SwingDownAttackAction.cpp">
      <Filter>Game\Enemys\BossEnemy\ActionNode\SwingDownAttack</Filter>
    </ClCompile>
    <ClCompile Include="Game\Enemys\BossEnemy\ActionNode\SwingDownAttack\SwingDownAttackRaisePhase.cpp">
      <Filter>Game\Enemys\BossEnemy\ActionNode\SwingDownAttack</Filter>
    </ClCompile>
    <ClCompile Include="Game\Enemys\BossEnemy\ActionNode\SwingDownAttack\SwingDownAttackSwingPhase.cpp">
      <Filter>Game\Enemys\BossEnemy\ActionNode\SwingDownAttack</Filter>
    </ClCompile>
    <ClCompile Include="Game\Enemys\BossEnemy\ActionNode\Idleing\IdleingAction.cpp">
      <Filter>Game\Enemys\BossEnemy\ActionNode\Idleing</Filter>
    </ClCompile>
    <ClCompile Include="Game\Enemys\BossEnemy\ActionNode\Idleing\IdleingActionComtroller.cpp">
      <Filter>Game\Enemys\BossEnemy\ActionNode\Idleing</Filter>
    </ClCompile>
    <ClCompile Include="Game\InstanceRegistry.cpp">
      <Filter>Game</Filter>
    </ClCompile>
    <ClCompile Include="Game\Enemys\BirdEnemy\Beam\BirdEnemyBeam.cpp">
      <Filter>Game\Enemys\BirdEnemy\Beam</Filter>
    </ClCompile>
    <ClCompile Include="Game\UI\ThrowQuantity.cpp">
      <Filter>Game\UI</Filter>
    </ClCompile>
    <ClCompile Include="Game\Entities\UIBaseEntity.cpp">
      <Filter>Game\Entities</Filter>
    </ClCompile>
  </ItemGroup>
  <ItemGroup>
    <ResourceCompile Include="resource.rc" />
  </ItemGroup>
  <ItemGroup>
    <Image Include="directx.ico">
      <Filter>Assets</Filter>
    </Image>
  </ItemGroup>
  <ItemGroup>
    <Manifest Include="settings.manifest">
      <Filter>Assets</Filter>
    </Manifest>
  </ItemGroup>
  <ItemGroup>
    <None Include="packages.config" />
    <None Include="Game\Shaders\Fade\Fade.hlsli">
      <Filter>Game\Shaders\Fade</Filter>
    </None>
    <None Include="ClassDiagram.cd" />
    <None Include="Game\Shaders\UI\UI.hlsli">
      <Filter>Game\Shaders\UI</Filter>
    </None>
    <None Include="Game\Shaders\DamageVignette\DamageVignette.hlsli">
      <Filter>Game\Shaders\DamageVignette</Filter>
    </None>
    <None Include="Game\Shaders\Particle\Particle.hlsli">
      <Filter>Game\Shaders\Particle</Filter>
    </None>
    <None Include="Game\Shaders\BossBeam\BeamRays.hlsli">
      <Filter>Game\Shaders\BossBeam</Filter>
    </None>
    <None Include="Game\Shaders\BossBeam\BeamEnergyBall.hlsli">
      <Filter>Game\Shaders\BossBeam\Ball</Filter>
    </None>
    <None Include="Game\Shaders\HitEffect\CircleParticle.hlsli">
      <Filter>Game\Shaders\HitEffect</Filter>
    </None>
    <None Include="Game\Shaders\Barrier\Barrier.hlsli">
      <Filter>Game\Shaders\Barrier</Filter>
    </None>
    <None Include="Game\Shaders\ChargeEffect\ChargeEffect.hlsli">
      <Filter>Game\Shaders\ChargeEffect</Filter>
    </None>
    <None Include="Game\Shaders\Number\Number.hlsli">
      <Filter>Game\Shaders\Number</Filter>
    </None>
  </ItemGroup>
  <ItemGroup>
    <FxCompile Include="Game\Shaders\Fade\FadeGS.hlsl">
      <Filter>Game\Shaders\Fade</Filter>
    </FxCompile>
    <FxCompile Include="Game\Shaders\Fade\FadeVS.hlsl">
      <Filter>Game\Shaders\Fade</Filter>
    </FxCompile>
    <FxCompile Include="Game\Shaders\Fade\NormalFadeInPS.hlsl">
      <Filter>Game\Shaders\Fade</Filter>
    </FxCompile>
    <FxCompile Include="Game\Shaders\Fade\NormalFadeOutPS.hlsl">
      <Filter>Game\Shaders\Fade</Filter>
    </FxCompile>
    <FxCompile Include="Game\Shaders\UI\UIGS.hlsl">
      <Filter>Game\Shaders\UI</Filter>
    </FxCompile>
    <FxCompile Include="Game\Shaders\UI\UIPS.hlsl">
      <Filter>Game\Shaders\UI</Filter>
    </FxCompile>
    <FxCompile Include="Game\Shaders\UI\UIVS.hlsl">
      <Filter>Game\Shaders\UI</Filter>
    </FxCompile>
    <FxCompile Include="Game\Shaders\DamageVignette\DamageVignetteGS.hlsl">
      <Filter>Game\Shaders\DamageVignette</Filter>
    </FxCompile>
    <FxCompile Include="Game\Shaders\DamageVignette\DamageVignettePS.hlsl">
      <Filter>Game\Shaders\DamageVignette</Filter>
    </FxCompile>
    <FxCompile Include="Game\Shaders\DamageVignette\DamageVignetteVS.hlsl">
      <Filter>Game\Shaders\DamageVignette</Filter>
    </FxCompile>
    <FxCompile Include="Game\Shaders\Particle\ParticleGS.hlsl">
      <Filter>Game\Shaders\Particle</Filter>
    </FxCompile>
    <FxCompile Include="Game\Shaders\Particle\ParticlePS.hlsl">
      <Filter>Game\Shaders\Particle</Filter>
    </FxCompile>
    <FxCompile Include="Game\Shaders\Particle\ParticleVS.hlsl">
      <Filter>Game\Shaders\Particle</Filter>
    </FxCompile>
    <FxCompile Include="Game\Shaders\BossBeam\BeamRaysPS.hlsl">
      <Filter>Game\Shaders\BossBeam</Filter>
    </FxCompile>
    <FxCompile Include="Game\Shaders\BossBeam\BeamRaysVS.hlsl">
      <Filter>Game\Shaders\BossBeam</Filter>
    </FxCompile>
    <FxCompile Include="Game\Shaders\BossBeam\BeamEnergyBallPS.hlsl">
      <Filter>Game\Shaders\BossBeam\Ball</Filter>
    </FxCompile>
    <FxCompile Include="Game\Shaders\BossBeam\BeamEnergyBallVS.hlsl">
      <Filter>Game\Shaders\BossBeam\Ball</Filter>
    </FxCompile>
    <FxCompile Include="Game\Shaders\HitEffect\CircleParticlePS.hlsl">
      <Filter>Game\Shaders\HitEffect</Filter>
    </FxCompile>
    <FxCompile Include="Game\Shaders\HitEffect\CircleParticleVS.hlsl">
      <Filter>Game\Shaders\HitEffect</Filter>
    </FxCompile>
    <FxCompile Include="Game\Shaders\Barrier\BarrierPS.hlsl">
      <Filter>Game\Shaders\Barrier</Filter>
    </FxCompile>
    <FxCompile Include="Game\Shaders\Barrier\BarrierVS.hlsl">
      <Filter>Game\Shaders\Barrier</Filter>
    </FxCompile>
    <FxCompile Include="Game\Shaders\ChargeEffect\ChargeEffectPS.hlsl">
      <Filter>Game\Shaders\ChargeEffect</Filter>
    </FxCompile>
    <FxCompile Include="Game\Shaders\ChargeEffect\ChargeEffectVS.hlsl">
      <Filter>Game\Shaders\ChargeEffect</Filter>
    </FxCompile>
    <FxCompile Include="Game\Shaders\Number\NumberGS.hlsl">
      <Filter>Game\Shaders\Number</Filter>
    </FxCompile>
    <FxCompile Include="Game\Shaders\Number\NumberPS.hlsl">
      <Filter>Game\Shaders\Number</Filter>
    </FxCompile>
    <FxCompile Include="Game\Shaders\Number\NumberVS.hlsl">
      <Filter>Game\Shaders\Number</Filter>
    </FxCompile>
  </ItemGroup>
</Project>