<?xml version="1.0" encoding="utf-8"?>
<Project ToolsVersion="4.0" xmlns="http://schemas.microsoft.com/developer/msbuild/2003">
  <ItemGroup>
    <Filter Include="Common">
      <UniqueIdentifier>953a950d-8f23-49c6-b64f-5e4a032f2f13</UniqueIdentifier>
    </Filter>
    <Filter Include="Assets">
      <UniqueIdentifier>1c4a63d8-8be7-4206-8e9b-c5c8bc272bb0</UniqueIdentifier>
      <Extensions>ico;cur;bmp;dds;dlg;fbx;rct;bin;rgs;gif;jpg;jpeg;jpe;resx;tga;tiff;tif;png;wav;mfcribbon-ms</Extensions>
    </Filter>
    <Filter Include="Game">
      <UniqueIdentifier>{81e0afe9-ad4e-4f63-95a0-f6d4011481d2}</UniqueIdentifier>
    </Filter>
    <Filter Include="Resources">
      <UniqueIdentifier>{e07fced4-d323-4665-a6ef-0da58b0f46f4}</UniqueIdentifier>
    </Filter>
    <Filter Include="Resources\Fonts">
      <UniqueIdentifier>{582b0255-bd7f-4fbc-a35d-f8c13d2fbf14}</UniqueIdentifier>
    </Filter>
    <Filter Include="Resources\Textures">
      <UniqueIdentifier>{3c9cae57-ef8e-4d89-9ce8-daa682d325ba}</UniqueIdentifier>
    </Filter>
    <Filter Include="Resources\Icon">
      <UniqueIdentifier>{53043c45-2397-49b9-97e7-98faee0b0a41}</UniqueIdentifier>
    </Filter>
    <Filter Include="Resources\Models">
      <UniqueIdentifier>{4bb7f6ff-9803-4a2b-a0e8-bacbe656715d}</UniqueIdentifier>
    </Filter>
    <Filter Include="Libraries">
      <UniqueIdentifier>{c309d520-e3d0-40ec-859f-98ab4d9a9fd1}</UniqueIdentifier>
    </Filter>
    <Filter Include="Libraries\MyLib">
      <UniqueIdentifier>{a327e5ae-7623-4c97-9ac8-1d10ca95e8ca}</UniqueIdentifier>
    </Filter>
    <Filter Include="Libraries\Microsoft">
      <UniqueIdentifier>{3ad90921-3d35-490e-837c-bc326a24aeed}</UniqueIdentifier>
    </Filter>
    <Filter Include="Game\Scene">
      <UniqueIdentifier>{644b32a7-7d84-4f61-a3f0-3872a592dcfb}</UniqueIdentifier>
    </Filter>
    <Filter Include="Game\Object">
      <UniqueIdentifier>{839cee05-09d6-4b90-b83a-78234f360ee5}</UniqueIdentifier>
    </Filter>
    <Filter Include="Game\Object\Boomerang">
      <UniqueIdentifier>{a0772f40-98d9-4749-8a05-e2c82e0d065a}</UniqueIdentifier>
    </Filter>
    <Filter Include="Game\Object\Boomerang\State">
      <UniqueIdentifier>{ea25c084-bb7a-4972-95c8-8d1c02ecb1ad}</UniqueIdentifier>
    </Filter>
    <Filter Include="Interface">
      <UniqueIdentifier>{52a8c007-a0c6-48c1-a8b0-8a733951a76d}</UniqueIdentifier>
    </Filter>
    <Filter Include="Resources\Shaders">
      <UniqueIdentifier>{19c380d8-765c-4a92-aa82-1de77b325187}</UniqueIdentifier>
    </Filter>
    <Filter Include="Resources\Shaders\LockOn">
      <UniqueIdentifier>{d2ebf4f7-981b-4af7-909f-032c06df633f}</UniqueIdentifier>
    </Filter>
    <Filter Include="Game\Object\StageObject">
      <UniqueIdentifier>{3a72f566-b6fb-47ff-a192-2276d00be7fc}</UniqueIdentifier>
    </Filter>
    <Filter Include="Game\DetectionCollision">
      <UniqueIdentifier>{87b40e6a-dc7d-4a5f-b775-b559b49e10f0}</UniqueIdentifier>
    </Filter>
    <Filter Include="Game\Object\Enemy">
      <UniqueIdentifier>{53e98583-5d4e-41e2-bcf8-dd25c2138cd6}</UniqueIdentifier>
    </Filter>
    <Filter Include="Libraries\MyLib\Camera">
      <UniqueIdentifier>{b3695848-fbd7-42db-bc09-565f88d0a4c1}</UniqueIdentifier>
    </Filter>
    <Filter Include="Resources\Shaders\UI">
      <UniqueIdentifier>{c8e0cd45-46a4-44a3-b73a-c563d502857d}</UniqueIdentifier>
    </Filter>
    <Filter Include="Game\Object\Enemy\BehaviorTree">
      <UniqueIdentifier>{9af1577b-fac2-4ba1-b6bd-830a9faa8049}</UniqueIdentifier>
    </Filter>
    <Filter Include="Game\Object\Player">
      <UniqueIdentifier>{aba55ac5-77a2-4b92-9254-9ee51b7d0e09}</UniqueIdentifier>
    </Filter>
    <Filter Include="Game\Object\Player\State">
      <UniqueIdentifier>{10c39386-02c3-42cd-b414-8701094c8197}</UniqueIdentifier>
    </Filter>
    <Filter Include="Game\UI">
      <UniqueIdentifier>{7d81aacd-c6a3-49e9-83e7-65ca11993c5d}</UniqueIdentifier>
    </Filter>
    <Filter Include="Game\UI\State">
      <UniqueIdentifier>{6ebc7464-4f57-4f3d-8a8b-0e5472b5f8b8}</UniqueIdentifier>
    </Filter>
    <Filter Include="Game\Object\Gimmick">
      <UniqueIdentifier>{4db0da6e-7872-421f-bcf2-ea5eeef49388}</UniqueIdentifier>
    </Filter>
    <Filter Include="Game\Object\Gimmick\Artillery">
      <UniqueIdentifier>{4c514b04-a4a9-4ebd-88f6-925f862633cc}</UniqueIdentifier>
    </Filter>
    <Filter Include="Game\Object\Enemy\BossEnemy">
      <UniqueIdentifier>{6fa6bc25-da89-4bdd-ac5a-89a1c965a23e}</UniqueIdentifier>
    </Filter>
    <Filter Include="Resources\Shaders\Particle">
      <UniqueIdentifier>{9f3312fc-b4d3-40d4-8471-ab43f54dc9bc}</UniqueIdentifier>
    </Filter>
    <Filter Include="Resources\Shaders\Fade">
      <UniqueIdentifier>{97573755-e06e-4a91-9048-2d9bb3e14793}</UniqueIdentifier>
    </Filter>
    <Filter Include="Game\Object\Player\PlayerParts">
      <UniqueIdentifier>{f2a6c197-3da3-4d1b-a668-112312847a62}</UniqueIdentifier>
    </Filter>
    <Filter Include="Game\Observer">
      <UniqueIdentifier>{4eb531a3-f991-47c0-9a6b-ccd199d62b42}</UniqueIdentifier>
    </Filter>
  </ItemGroup>
  <ItemGroup>
    <ClInclude Include="pch.h" />
    <ClInclude Include="Game.h" />
    <ClInclude Include="StepTimer.h">
      <Filter>Common</Filter>
    </ClInclude>
    <ClInclude Include="DeviceResources.h">
      <Filter>Common</Filter>
    </ClInclude>
    <ClInclude Include="Game\CommonResources.h">
      <Filter>Game</Filter>
    </ClInclude>
    <ClInclude Include="Libraries\Microsoft\DebugDraw.h">
      <Filter>Libraries\Microsoft</Filter>
    </ClInclude>
    <ClInclude Include="Game\Screen.h">
      <Filter>Game</Filter>
    </ClInclude>
    <ClInclude Include="Libraries\MyLib\DebugCamera.h">
      <Filter>Libraries\MyLib</Filter>
    </ClInclude>
    <ClInclude Include="Libraries\MyLib\DebugString.h">
      <Filter>Libraries\MyLib</Filter>
    </ClInclude>
    <ClInclude Include="Libraries\MyLib\GridFloor.h">
      <Filter>Libraries\MyLib</Filter>
    </ClInclude>
    <ClInclude Include="Libraries\MyLib\InputManager.h">
      <Filter>Libraries\MyLib</Filter>
    </ClInclude>
    <ClInclude Include="Libraries\MyLib\MemoryLeakDetector.h">
      <Filter>Libraries\MyLib</Filter>
    </ClInclude>
    <ClInclude Include="Game\Scene\IScene.h">
      <Filter>Game\Scene</Filter>
    </ClInclude>
    <ClInclude Include="Game\Scene\TitleScene.h">
      <Filter>Game\Scene</Filter>
    </ClInclude>
    <ClInclude Include="Game\Scene\PlayScene.h">
      <Filter>Game\Scene</Filter>
    </ClInclude>
    <ClInclude Include="Game\Scene\SceneManager.h">
      <Filter>Game\Scene</Filter>
    </ClInclude>
    <ClInclude Include="Game\Object\Boomerang\State\BoomerangIdling.h">
      <Filter>Game\Object\Boomerang\State</Filter>
    </ClInclude>
    <ClInclude Include="Game\Object\Boomerang\Boomerang.h">
      <Filter>Game\Object\Boomerang</Filter>
    </ClInclude>
    <ClInclude Include="Game\Object\Boomerang\State\BoomerangThrow.h">
      <Filter>Game\Object\Boomerang\State</Filter>
    </ClInclude>
    <ClInclude Include="Interface\IBoomerangState.h">
      <Filter>Interface</Filter>
    </ClInclude>
    <ClInclude Include="Libraries\MyLib\CSV.h">
      <Filter>Libraries\MyLib</Filter>
    </ClInclude>
    <ClInclude Include="Libraries\MyLib\Mouse.h">
      <Filter>Libraries\MyLib</Filter>
    </ClInclude>
    <ClInclude Include="Game\Object\Boomerang\State\BoomerangGetReady.h">
      <Filter>Game\Object\Boomerang\State</Filter>
    </ClInclude>
    <ClInclude Include="Game\LockOn.h">
      <Filter>Game</Filter>
    </ClInclude>
    <ClInclude Include="Libraries\MyLib\UserInterface.h">
      <Filter>Libraries\MyLib</Filter>
    </ClInclude>
    <ClInclude Include="Libraries\MyLib\BinaryFile.h">
      <Filter>Libraries\MyLib</Filter>
    </ClInclude>
    <ClInclude Include="Libraries\MyLib\Bounding.h">
      <Filter>Libraries\MyLib</Filter>
    </ClInclude>
    <ClInclude Include="Interface\ICollisionObject.h">
      <Filter>Interface</Filter>
    </ClInclude>
    <ClInclude Include="Game\Object\Floor.h">
      <Filter>Game\Object\StageObject</Filter>
    </ClInclude>
    <ClInclude Include="Interface\IMoveCollisionObject.h">
      <Filter>Interface</Filter>
    </ClInclude>
    <ClInclude Include="Interface\INotMoveCollisionObject.h">
      <Filter>Interface</Filter>
    </ClInclude>
    <ClInclude Include="Game\DetectionCollision\CollisionManager.h">
      <Filter>Game\DetectionCollision</Filter>
    </ClInclude>
    <ClInclude Include="Game\Object\Wall.h">
      <Filter>Game\Object\StageObject</Filter>
    </ClInclude>
    <ClInclude Include="Game\Scene\ResultScene.h">
      <Filter>Game\Scene</Filter>
    </ClInclude>
    <ClInclude Include="Game\Object\Enemy\Enemy.h">
      <Filter>Game\Object\Enemy</Filter>
    </ClInclude>
    <ClInclude Include="Interface\IEnemyState.h">
      <Filter>Interface</Filter>
    </ClInclude>
    <ClInclude Include="Game\Timer.h">
      <Filter>Game</Filter>
    </ClInclude>
    <ClInclude Include="Libraries\MyLib\Camera\GameCameraManager.h">
      <Filter>Libraries\MyLib\Camera</Filter>
    </ClInclude>
    <ClInclude Include="Libraries\MyLib\Camera\GameStartCamera.h">
      <Filter>Libraries\MyLib\Camera</Filter>
    </ClInclude>
    <ClInclude Include="Libraries\MyLib\Camera\TPS_Camera.h">
      <Filter>Libraries\MyLib\Camera</Filter>
    </ClInclude>
    <ClInclude Include="Game\Object\Boomerang\BoomerangOrbit.h">
      <Filter>Game\Object\Boomerang</Filter>
    </ClInclude>
    <ClInclude Include="Game\BehaviorTree\ActionNode.h">
      <Filter>Game\Object\Enemy\BehaviorTree</Filter>
    </ClInclude>
    <ClInclude Include="Game\BehaviorTree\BehaviorTree.h">
      <Filter>Game\Object\Enemy\BehaviorTree</Filter>
    </ClInclude>
    <ClInclude Include="Game\BehaviorTree\Conditions.h">
      <Filter>Game\Object\Enemy\BehaviorTree</Filter>
    </ClInclude>
    <ClInclude Include="Game\BehaviorTree\DecoratorNode.h">
      <Filter>Game\Object\Enemy\BehaviorTree</Filter>
    </ClInclude>
    <ClInclude Include="Game\BehaviorTree\ExecutionNode.h">
      <Filter>Game\Object\Enemy\BehaviorTree</Filter>
    </ClInclude>
    <ClInclude Include="Game\BehaviorTree\Root.h">
      <Filter>Game\Object\Enemy\BehaviorTree</Filter>
    </ClInclude>
    <ClInclude Include="Game\BehaviorTree\SelectorNode.h">
      <Filter>Game\Object\Enemy\BehaviorTree</Filter>
    </ClInclude>
    <ClInclude Include="Game\BehaviorTree\SequenceNode.h">
      <Filter>Game\Object\Enemy\BehaviorTree</Filter>
    </ClInclude>
    <ClInclude Include="Interface\IBehaviorNode.h">
      <Filter>Interface</Filter>
    </ClInclude>
    <ClInclude Include="Interface\ILeafNode.h">
      <Filter>Interface</Filter>
    </ClInclude>
    <ClInclude Include="Interface\ICompositeNode.h">
      <Filter>Interface</Filter>
    </ClInclude>
    <ClInclude Include="Game\Object\Rock.h">
      <Filter>Game\Object\StageObject</Filter>
    </ClInclude>
    <ClInclude Include="Libraries\MyLib\Judgement.h">
      <Filter>Libraries\MyLib</Filter>
    </ClInclude>
    <ClInclude Include="Game\Object\Enemy\Beam.h">
      <Filter>Game\Object\Enemy</Filter>
    </ClInclude>
    <ClInclude Include="Game\Object\Enemy\BeamModel.h">
      <Filter>Game\Object\Enemy</Filter>
    </ClInclude>
    <ClInclude Include="Game\Object\Sky.h">
      <Filter>Game\Object\StageObject</Filter>
    </ClInclude>
    <ClInclude Include="Libraries\MyLib\CollisionMesh.h">
      <Filter>Libraries\MyLib</Filter>
    </ClInclude>
    <ClInclude Include="Game\Object\Boomerang\State\BoomerangDrop.h">
      <Filter>Game\Object\Boomerang\State</Filter>
    </ClInclude>
    <ClInclude Include="Game\Object\Boomerang\State\BoomerangRepelled.h">
      <Filter>Game\Object\Boomerang\State</Filter>
    </ClInclude>
    <ClInclude Include="Game\Object\Player\Player.h">
      <Filter>Game\Object\Player</Filter>
    </ClInclude>
    <ClInclude Include="Interface\IPlayerState.h">
      <Filter>Interface</Filter>
    </ClInclude>
    <ClInclude Include="Game\Object\Player\State\PlayerBlownAway.h">
      <Filter>Game\Object\Player\State</Filter>
    </ClInclude>
    <ClInclude Include="Game\Object\Player\State\PlayerUsually.h">
      <Filter>Game\Object\Player\State</Filter>
    </ClInclude>
    <ClInclude Include="Libraries\MyLib\Camera\GameEndCamera.h">
      <Filter>Libraries\MyLib\Camera</Filter>
    </ClInclude>
    <ClInclude Include="Libraries\MyLib\Texture.h">
      <Filter>Libraries\MyLib</Filter>
    </ClInclude>
    <ClInclude Include="Libraries\MyLib\Camera\TitleCamera.h">
      <Filter>Libraries\MyLib\Camera</Filter>
    </ClInclude>
    <ClInclude Include="Libraries\MyLib\Model3D.h">
      <Filter>Libraries\MyLib</Filter>
    </ClInclude>
    <ClInclude Include="Interface\IUI.h">
      <Filter>Interface</Filter>
    </ClInclude>
    <ClInclude Include="Game\UI\UI.h">
      <Filter>Game\UI</Filter>
    </ClInclude>
    <ClInclude Include="Game\UI\State\GmePlayUI.h">
      <Filter>Game\UI\State</Filter>
    </ClInclude>
    <ClInclude Include="Game\UI\State\GameClearUI.h">
      <Filter>Game\UI\State</Filter>
    </ClInclude>
    <ClInclude Include="Game\UI\State\GameOverUI.h">
      <Filter>Game\UI\State</Filter>
    </ClInclude>
    <ClInclude Include="Game\Object\Ceiling.h">
      <Filter>Game\Object\StageObject</Filter>
    </ClInclude>
    <ClInclude Include="Game\Object\Pillar.h">
      <Filter>Game\Object\StageObject</Filter>
    </ClInclude>
    <ClInclude Include="Game\Object\Gimmick\Artillery\ArtilleryBase.h">
      <Filter>Game\Object\Gimmick\Artillery</Filter>
    </ClInclude>
    <ClInclude Include="Game\Object\Gimmick\Artillery\ArtilleryTurret.h">
      <Filter>Game\Object\Gimmick\Artillery</Filter>
    </ClInclude>
    <ClInclude Include="Game\Object\Gimmick\Artillery\Artillery.h">
      <Filter>Game\Object\Gimmick\Artillery</Filter>
    </ClInclude>
    <ClInclude Include="Game\Object\Gimmick\Artillery\ArtilleryBullet.h">
      <Filter>Game\Object\Gimmick\Artillery</Filter>
    </ClInclude>
    <ClInclude Include="Libraries\MyLib\Camera\FPS_Camera.h">
      <Filter>Libraries\MyLib\Camera</Filter>
    </ClInclude>
    <ClInclude Include="Libraries\MyLib\LoadJson.h">
      <Filter>Libraries\MyLib</Filter>
    </ClInclude>
    <ClInclude Include="Game\Object\Enemy\BossEnemy\BossEnemyBase.h">
      <Filter>Game\Object\Enemy\BossEnemy</Filter>
    </ClInclude>
    <ClInclude Include="Game\Object\Enemy\BossEnemy\BossEnemyBottom.h">
      <Filter>Game\Object\Enemy\BossEnemy</Filter>
    </ClInclude>
    <ClInclude Include="Game\Object\Enemy\BossEnemy\BossEnemyHead.h">
      <Filter>Game\Object\Enemy\BossEnemy</Filter>
    </ClInclude>
    <ClInclude Include="Game\Object\Enemy\BossEnemy\BossEnemyLeftArm.h">
      <Filter>Game\Object\Enemy\BossEnemy</Filter>
    </ClInclude>
    <ClInclude Include="Game\Object\Enemy\BossEnemy\BossEnemyLeftArmJoint.h">
      <Filter>Game\Object\Enemy\BossEnemy</Filter>
    </ClInclude>
    <ClInclude Include="Game\Object\Enemy\BossEnemy\BossEnemyLeftLeg.h">
      <Filter>Game\Object\Enemy\BossEnemy</Filter>
    </ClInclude>
    <ClInclude Include="Game\Object\Enemy\BossEnemy\BossEnemyLeftShoulder.h">
      <Filter>Game\Object\Enemy\BossEnemy</Filter>
    </ClInclude>
    <ClInclude Include="Game\Object\Enemy\BossEnemy\BossEnemyLeftThigh.h">
      <Filter>Game\Object\Enemy\BossEnemy</Filter>
    </ClInclude>
    <ClInclude Include="Game\Object\Enemy\BossEnemy\BossEnemyPelvis .h">
      <Filter>Game\Object\Enemy\BossEnemy</Filter>
    </ClInclude>
    <ClInclude Include="Game\Object\Enemy\BossEnemy\BossEnemyRightArm.h">
      <Filter>Game\Object\Enemy\BossEnemy</Filter>
    </ClInclude>
    <ClInclude Include="Game\Object\Enemy\BossEnemy\BossEnemyRightArmJoint.h">
      <Filter>Game\Object\Enemy\BossEnemy</Filter>
    </ClInclude>
    <ClInclude Include="Game\Object\Enemy\BossEnemy\BossEnemyRightLeg.h">
      <Filter>Game\Object\Enemy\BossEnemy</Filter>
    </ClInclude>
    <ClInclude Include="Game\Object\Enemy\BossEnemy\BossEnemyRightShoulder.h">
      <Filter>Game\Object\Enemy\BossEnemy</Filter>
    </ClInclude>
    <ClInclude Include="Game\Object\Enemy\BossEnemy\BossEnemyRightThigh.h">
      <Filter>Game\Object\Enemy\BossEnemy</Filter>
    </ClInclude>
    <ClInclude Include="Game\Object\Enemy\BossEnemy\BossEnemyTorso.h">
      <Filter>Game\Object\Enemy\BossEnemy</Filter>
    </ClInclude>
    <ClInclude Include="Interface\IComponent.h">
      <Filter>Interface</Filter>
    </ClInclude>
    <ClInclude Include="Libraries\MyLib\Particle.h">
      <Filter>Libraries\MyLib</Filter>
    </ClInclude>
    <ClInclude Include="Libraries\MyLib\Fade.h">
      <Filter>Libraries\MyLib</Filter>
    </ClInclude>
    <ClInclude Include="Game\Object\Player\PlayerParts\PlayerBase.h">
      <Filter>Game\Object\Player\PlayerParts</Filter>
    </ClInclude>
    <ClInclude Include="Game\Object\Player\PlayerParts\PlayerBody.h">
      <Filter>Game\Object\Player\PlayerParts</Filter>
    </ClInclude>
    <ClInclude Include="Game\Object\Player\PlayerParts\PlayerHead.h">
      <Filter>Game\Object\Player\PlayerParts</Filter>
    </ClInclude>
    <ClInclude Include="Game\Object\Player\PlayerParts\PlayerLeftArm.h">
      <Filter>Game\Object\Player\PlayerParts</Filter>
    </ClInclude>
    <ClInclude Include="Game\Object\Player\PlayerParts\PlayerLeftFeet.h">
      <Filter>Game\Object\Player\PlayerParts</Filter>
    </ClInclude>
    <ClInclude Include="Game\Object\Player\PlayerParts\PlayerRightArm.h">
      <Filter>Game\Object\Player\PlayerParts</Filter>
    </ClInclude>
    <ClInclude Include="Game\Object\Player\PlayerParts\PlayerRightFeet.h">
      <Filter>Game\Object\Player\PlayerParts</Filter>
    </ClInclude>
    <ClInclude Include="Game\Object\Player\State\PlayerAttack.h">
      <Filter>Game\Object\Player\State</Filter>
    </ClInclude>
    <ClInclude Include="Game\Object\Player\State\PlayerJump.h">
      <Filter>Game\Object\Player\State</Filter>
    </ClInclude>
    <ClInclude Include="Game\Object\Player\State\PlayerIdling.h">
      <Filter>Game\Object\Player\State</Filter>
    </ClInclude>
    <ClInclude Include="Libraries\MyLib\Animation.h">
      <Filter>Libraries\MyLib</Filter>
    </ClInclude>
    <ClInclude Include="Game\Observer\Messenger.h">
      <Filter>Game\Observer</Filter>
    </ClInclude>
    <ClInclude Include="Interface\IObserver.h">
      <Filter>Interface</Filter>
    </ClInclude>
    <ClInclude Include="Interface\ISubject.h">
      <Filter>Interface</Filter>
    </ClInclude>
  </ItemGroup>
  <ItemGroup>
    <ClCompile Include="pch.cpp" />
    <ClCompile Include="Game.cpp" />
    <ClCompile Include="Main.cpp" />
    <ClCompile Include="DeviceResources.cpp">
      <Filter>Common</Filter>
    </ClCompile>
    <ClCompile Include="Game\CommonResources.cpp">
      <Filter>Game</Filter>
    </ClCompile>
    <ClCompile Include="Libraries\Microsoft\DebugDraw.cpp">
      <Filter>Libraries\Microsoft</Filter>
    </ClCompile>
    <ClCompile Include="Libraries\MyLib\DebugCamera.cpp">
      <Filter>Libraries\MyLib</Filter>
    </ClCompile>
    <ClCompile Include="Libraries\MyLib\DebugString.cpp">
      <Filter>Libraries\MyLib</Filter>
    </ClCompile>
    <ClCompile Include="Libraries\MyLib\GridFloor.cpp">
      <Filter>Libraries\MyLib</Filter>
    </ClCompile>
    <ClCompile Include="Libraries\MyLib\InputManager.cpp">
      <Filter>Libraries\MyLib</Filter>
    </ClCompile>
    <ClCompile Include="Game\Scene\TitleScene.cpp">
      <Filter>Game\Scene</Filter>
    </ClCompile>
    <ClCompile Include="Game\Scene\PlayScene.cpp">
      <Filter>Game\Scene</Filter>
    </ClCompile>
    <ClCompile Include="Game\Scene\SceneManager.cpp">
      <Filter>Game\Scene</Filter>
    </ClCompile>
    <ClCompile Include="Game\Object\Boomerang\State\BoomerangIdling.cpp">
      <Filter>Game\Object\Boomerang\State</Filter>
    </ClCompile>
    <ClCompile Include="Game\Object\Boomerang\Boomerang.cpp">
      <Filter>Game\Object\Boomerang</Filter>
    </ClCompile>
    <ClCompile Include="Game\Object\Boomerang\State\BoomerangThrow.cpp">
      <Filter>Game\Object\Boomerang\State</Filter>
    </ClCompile>
    <ClCompile Include="Libraries\MyLib\CSV.cpp">
      <Filter>Libraries\MyLib</Filter>
    </ClCompile>
    <ClCompile Include="Libraries\MyLib\Mouse.cpp">
      <Filter>Libraries\MyLib</Filter>
    </ClCompile>
    <ClCompile Include="Game\Object\Boomerang\State\BoomerangGetReady.cpp">
      <Filter>Game\Object\Boomerang\State</Filter>
    </ClCompile>
    <ClCompile Include="Game\LockOn.cpp">
      <Filter>Game</Filter>
    </ClCompile>
    <ClCompile Include="Libraries\MyLib\UserInterface.cpp">
      <Filter>Libraries\MyLib</Filter>
    </ClCompile>
    <ClCompile Include="Libraries\MyLib\BinaryFile.cpp">
      <Filter>Libraries\MyLib</Filter>
    </ClCompile>
    <ClCompile Include="Libraries\MyLib\Bounding.cpp">
      <Filter>Libraries\MyLib</Filter>
    </ClCompile>
    <ClCompile Include="Game\Object\Floor.cpp">
      <Filter>Game\Object\StageObject</Filter>
    </ClCompile>
    <ClCompile Include="Game\DetectionCollision\CollisionManager.cpp">
      <Filter>Game\DetectionCollision</Filter>
    </ClCompile>
    <ClCompile Include="Game\Object\Wall.cpp">
      <Filter>Game\Object\StageObject</Filter>
    </ClCompile>
    <ClCompile Include="Game\Scene\ResultScene.cpp">
      <Filter>Game\Scene</Filter>
    </ClCompile>
    <ClCompile Include="Game\Object\Enemy\Enemy.cpp">
      <Filter>Game\Object\Enemy</Filter>
    </ClCompile>
    <ClCompile Include="Game\Timer.cpp">
      <Filter>Game</Filter>
    </ClCompile>
    <ClCompile Include="Libraries\MyLib\Camera\GameCameraManager.cpp">
      <Filter>Libraries\MyLib\Camera</Filter>
    </ClCompile>
    <ClCompile Include="Libraries\MyLib\Camera\GameStartCamera.cpp">
      <Filter>Libraries\MyLib\Camera</Filter>
    </ClCompile>
    <ClCompile Include="Libraries\MyLib\Camera\TPS_Camera.cpp">
      <Filter>Libraries\MyLib\Camera</Filter>
    </ClCompile>
    <ClCompile Include="Game\Object\Boomerang\BoomerangOrbit.cpp">
      <Filter>Game\Object\Boomerang</Filter>
    </ClCompile>
    <ClCompile Include="Game\BehaviorTree\ActionNode.cpp">
      <Filter>Game\Object\Enemy\BehaviorTree</Filter>
    </ClCompile>
    <ClCompile Include="Game\BehaviorTree\BehaviorTree.cpp">
      <Filter>Game\Object\Enemy\BehaviorTree</Filter>
    </ClCompile>
    <ClCompile Include="Game\BehaviorTree\Conditions.cpp">
      <Filter>Game\Object\Enemy\BehaviorTree</Filter>
    </ClCompile>
    <ClCompile Include="Game\BehaviorTree\DecoratorNode.cpp">
      <Filter>Game\Object\Enemy\BehaviorTree</Filter>
    </ClCompile>
    <ClCompile Include="Game\BehaviorTree\ExecutionNode.cpp">
      <Filter>Game\Object\Enemy\BehaviorTree</Filter>
    </ClCompile>
    <ClCompile Include="Game\BehaviorTree\Root.cpp">
      <Filter>Game\Object\Enemy\BehaviorTree</Filter>
    </ClCompile>
    <ClCompile Include="Game\BehaviorTree\SelectorNode.cpp">
      <Filter>Game\Object\Enemy\BehaviorTree</Filter>
    </ClCompile>
    <ClCompile Include="Game\BehaviorTree\SequenceNode.cpp">
      <Filter>Game\Object\Enemy\BehaviorTree</Filter>
    </ClCompile>
    <ClCompile Include="Game\Object\Rock.cpp">
      <Filter>Game\Object\StageObject</Filter>
    </ClCompile>
    <ClCompile Include="Libraries\MyLib\Judgement.cpp">
      <Filter>Libraries\MyLib</Filter>
    </ClCompile>
    <ClCompile Include="Game\Object\Enemy\Beam.cpp">
      <Filter>Game\Object\Enemy</Filter>
    </ClCompile>
    <ClCompile Include="Game\Object\Enemy\BeamModel.cpp">
      <Filter>Game\Object\Enemy</Filter>
    </ClCompile>
    <ClCompile Include="Game\Object\Sky.cpp">
      <Filter>Game\Object\StageObject</Filter>
    </ClCompile>
    <ClCompile Include="Libraries\MyLib\CollisionMesh.cpp">
      <Filter>Libraries\MyLib</Filter>
    </ClCompile>
    <ClCompile Include="Game\Object\Boomerang\State\BoomerangDrop.cpp">
      <Filter>Game\Object\Boomerang\State</Filter>
    </ClCompile>
    <ClCompile Include="Game\Object\Boomerang\State\BoomerangRepelled.cpp">
      <Filter>Game\Object\Boomerang\State</Filter>
    </ClCompile>
    <ClCompile Include="Game\Object\Player\Player.cpp">
      <Filter>Game\Object\Player</Filter>
    </ClCompile>
    <ClCompile Include="Game\Object\Player\State\PlayerBlownAway.cpp">
      <Filter>Game\Object\Player\State</Filter>
    </ClCompile>
    <ClCompile Include="Game\Object\Player\State\PlayerUsually.cpp">
      <Filter>Game\Object\Player\State</Filter>
    </ClCompile>
    <ClCompile Include="Libraries\MyLib\Camera\GameEndCamera.cpp">
      <Filter>Libraries\MyLib\Camera</Filter>
    </ClCompile>
    <ClCompile Include="Libraries\MyLib\Texture.cpp">
      <Filter>Libraries\MyLib</Filter>
    </ClCompile>
    <ClCompile Include="Libraries\MyLib\Camera\TitleCamera.cpp">
      <Filter>Libraries\MyLib\Camera</Filter>
    </ClCompile>
    <ClCompile Include="Libraries\MyLib\Model3D.cpp">
      <Filter>Libraries\MyLib</Filter>
    </ClCompile>
    <ClCompile Include="Game\UI\UI.cpp">
      <Filter>Game\UI</Filter>
    </ClCompile>
    <ClCompile Include="Game\UI\State\GmePlayUI.cpp">
      <Filter>Game\UI\State</Filter>
    </ClCompile>
    <ClCompile Include="Game\UI\State\GameClearUI.cpp">
      <Filter>Game\UI\State</Filter>
    </ClCompile>
    <ClCompile Include="Game\UI\State\GameOverUI.cpp">
      <Filter>Game\UI\State</Filter>
    </ClCompile>
    <ClCompile Include="Game\Object\Ceiling.cpp">
      <Filter>Game\Object\StageObject</Filter>
    </ClCompile>
    <ClCompile Include="Game\Object\Pillar.cpp">
      <Filter>Game\Object\StageObject</Filter>
    </ClCompile>
    <ClCompile Include="Game\Object\Gimmick\Artillery\ArtilleryBase.cpp">
      <Filter>Game\Object\Gimmick\Artillery</Filter>
    </ClCompile>
    <ClCompile Include="Game\Object\Gimmick\Artillery\ArtilleryTurret.cpp">
      <Filter>Game\Object\Gimmick\Artillery</Filter>
    </ClCompile>
    <ClCompile Include="Game\Object\Gimmick\Artillery\Artillery.cpp">
      <Filter>Game\Object\Gimmick\Artillery</Filter>
    </ClCompile>
    <ClCompile Include="Game\Object\Gimmick\Artillery\ArtilleryBullet.cpp">
      <Filter>Game\Object\Gimmick\Artillery</Filter>
    </ClCompile>
    <ClCompile Include="Libraries\MyLib\Camera\FPS_Camera.cpp">
      <Filter>Libraries\MyLib\Camera</Filter>
    </ClCompile>
    <ClCompile Include="Libraries\MyLib\LoadJson.cpp">
      <Filter>Libraries\MyLib</Filter>
    </ClCompile>
    <ClCompile Include="Game\Object\Enemy\BossEnemy\BossEnemyBase.cpp">
      <Filter>Game\Object\Enemy\BossEnemy</Filter>
    </ClCompile>
    <ClCompile Include="Game\Object\Enemy\BossEnemy\BossEnemyBottom.cpp">
      <Filter>Game\Object\Enemy\BossEnemy</Filter>
    </ClCompile>
    <ClCompile Include="Game\Object\Enemy\BossEnemy\BossEnemyHead.cpp">
      <Filter>Game\Object\Enemy\BossEnemy</Filter>
    </ClCompile>
    <ClCompile Include="Game\Object\Enemy\BossEnemy\BossEnemyLeftArm.cpp">
      <Filter>Game\Object\Enemy\BossEnemy</Filter>
    </ClCompile>
    <ClCompile Include="Game\Object\Enemy\BossEnemy\BossEnemyLeftArmJoint.cpp">
      <Filter>Game\Object\Enemy\BossEnemy</Filter>
    </ClCompile>
    <ClCompile Include="Game\Object\Enemy\BossEnemy\BossEnemyLeftLeg.cpp">
      <Filter>Game\Object\Enemy\BossEnemy</Filter>
    </ClCompile>
    <ClCompile Include="Game\Object\Enemy\BossEnemy\BossEnemyLeftShoulder.cpp">
      <Filter>Game\Object\Enemy\BossEnemy</Filter>
    </ClCompile>
    <ClCompile Include="Game\Object\Enemy\BossEnemy\BossEnemyLeftThigh.cpp">
      <Filter>Game\Object\Enemy\BossEnemy</Filter>
    </ClCompile>
    <ClCompile Include="Game\Object\Enemy\BossEnemy\BossEnemyPelvis .cpp">
      <Filter>Game\Object\Enemy\BossEnemy</Filter>
    </ClCompile>
    <ClCompile Include="Game\Object\Enemy\BossEnemy\BossEnemyRightArm.cpp">
      <Filter>Game\Object\Enemy\BossEnemy</Filter>
    </ClCompile>
    <ClCompile Include="Game\Object\Enemy\BossEnemy\BossEnemyRightArmJoint.cpp">
      <Filter>Game\Object\Enemy\BossEnemy</Filter>
    </ClCompile>
    <ClCompile Include="Game\Object\Enemy\BossEnemy\BossEnemyRightLeg.cpp">
      <Filter>Game\Object\Enemy\BossEnemy</Filter>
    </ClCompile>
    <ClCompile Include="Game\Object\Enemy\BossEnemy\BossEnemyRightShoulder.cpp">
      <Filter>Game\Object\Enemy\BossEnemy</Filter>
    </ClCompile>
    <ClCompile Include="Game\Object\Enemy\BossEnemy\BossEnemyRightThigh.cpp">
      <Filter>Game\Object\Enemy\BossEnemy</Filter>
    </ClCompile>
    <ClCompile Include="Game\Object\Enemy\BossEnemy\BossEnemyTorso.cpp">
      <Filter>Game\Object\Enemy\BossEnemy</Filter>
    </ClCompile>
    <ClCompile Include="Libraries\MyLib\Particle.cpp">
      <Filter>Libraries\MyLib</Filter>
    </ClCompile>
    <ClCompile Include="Libraries\MyLib\Fade.cpp">
      <Filter>Libraries\MyLib</Filter>
    </ClCompile>
    <ClCompile Include="Game\Object\Player\PlayerParts\PlayerBase.cpp">
      <Filter>Game\Object\Player\PlayerParts</Filter>
    </ClCompile>
    <ClCompile Include="Game\Object\Player\PlayerParts\PlayerBody.cpp">
      <Filter>Game\Object\Player\PlayerParts</Filter>
    </ClCompile>
    <ClCompile Include="Game\Object\Player\PlayerParts\PlayerHead.cpp">
      <Filter>Game\Object\Player\PlayerParts</Filter>
    </ClCompile>
    <ClCompile Include="Game\Object\Player\PlayerParts\PlayerLeftArm.cpp">
      <Filter>Game\Object\Player\PlayerParts</Filter>
    </ClCompile>
    <ClCompile Include="Game\Object\Player\PlayerParts\PlayerLeftFeet.cpp">
      <Filter>Game\Object\Player\PlayerParts</Filter>
    </ClCompile>
    <ClCompile Include="Game\Object\Player\PlayerParts\PlayerRightArm.cpp">
      <Filter>Game\Object\Player\PlayerParts</Filter>
    </ClCompile>
    <ClCompile Include="Game\Object\Player\PlayerParts\PlayerRightFeet.cpp">
      <Filter>Game\Object\Player\PlayerParts</Filter>
    </ClCompile>
    <ClCompile Include="Game\Object\Player\State\PlayerAttack.cpp">
      <Filter>Game\Object\Player\State</Filter>
    </ClCompile>
    <ClCompile Include="Game\Object\Player\State\PlayerJump.cpp">
      <Filter>Game\Object\Player\State</Filter>
    </ClCompile>
    <ClCompile Include="Game\Object\Player\State\PlayerIdling.cpp">
      <Filter>Game\Object\Player\State</Filter>
    </ClCompile>
    <ClCompile Include="Libraries\MyLib\Animation.cpp">
      <Filter>Libraries\MyLib</Filter>
    </ClCompile>
    <ClCompile Include="Game\Observer\Messenger.cpp">
      <Filter>Game\Observer</Filter>
    </ClCompile>
  </ItemGroup>
  <ItemGroup>
    <ResourceCompile Include="resource.rc" />
  </ItemGroup>
  <ItemGroup>
    <Image Include="directx.ico">
      <Filter>Assets</Filter>
    </Image>
  </ItemGroup>
  <ItemGroup>
    <Manifest Include="settings.manifest">
      <Filter>Assets</Filter>
    </Manifest>
  </ItemGroup>
  <ItemGroup>
    <None Include="packages.config" />
    <None Include="Resources\Shaders\LockOn\LockOnUI.hlsli">
      <Filter>Resources\Shaders\LockOn</Filter>
    </None>
    <None Include="Resources\Shaders\UI\UI.hlsli">
      <Filter>Resources\Shaders\UI</Filter>
    </None>
    <None Include="Resources\Shaders\Particle\Particle.hlsli">
      <Filter>Resources\Shaders\Particle</Filter>
    </None>
    <None Include="Resources\Shaders\Fade\Fade.hlsli">
      <Filter>Resources\Shaders\Fade</Filter>
    </None>
    <None Include="ClassDiagram2.cd" />
    <None Include="ClassDiagram21.cd" />
  </ItemGroup>
  <ItemGroup>
    <FxCompile Include="Resources\Shaders\LockOn\LockOnUIGS.hlsl">
      <Filter>Resources\Shaders\LockOn</Filter>
    </FxCompile>
    <FxCompile Include="Resources\Shaders\LockOn\LockOnUIPS.hlsl">
      <Filter>Resources\Shaders\LockOn</Filter>
    </FxCompile>
    <FxCompile Include="Resources\Shaders\LockOn\LockOnUIVS.hlsl">
      <Filter>Resources\Shaders\LockOn</Filter>
    </FxCompile>
    <FxCompile Include="Resources\Shaders\UI\UIGS.hlsl">
      <Filter>Resources\Shaders\UI</Filter>
    </FxCompile>
    <FxCompile Include="Resources\Shaders\UI\UIPS.hlsl">
      <Filter>Resources\Shaders\UI</Filter>
    </FxCompile>
    <FxCompile Include="Resources\Shaders\UI\UIVS.hlsl">
      <Filter>Resources\Shaders\UI</Filter>
    </FxCompile>
    <FxCompile Include="Resources\Shaders\Particle\ParticlePS.hlsl">
      <Filter>Resources\Shaders\Particle</Filter>
    </FxCompile>
    <FxCompile Include="Resources\Shaders\Particle\ParticleVS.hlsl">
      <Filter>Resources\Shaders\Particle</Filter>
    </FxCompile>
    <FxCompile Include="Resources\Shaders\Fade\FadeGS.hlsl">
      <Filter>Resources\Shaders\Fade</Filter>
    </FxCompile>
    <FxCompile Include="Resources\Shaders\Fade\FadePS.hlsl">
      <Filter>Resources\Shaders\Fade</Filter>
    </FxCompile>
    <FxCompile Include="Resources\Shaders\Fade\FadeVS.hlsl">
      <Filter>Resources\Shaders\Fade</Filter>
    </FxCompile>
  </ItemGroup>
</Project>